// !$*UTF8*$!
{
	archiveVersion = 1;
	classes = {
	};
	objectVersion = 50;
	objects = {

/* Begin PBXBuildFile section */
		2A244E7E566FBC7A9F9B7026 /* Pods_iot_ios_sandboxUITests.framework in Frameworks */ = {isa = PBXBuildFile; fileRef = 77207E8E1148FA66AD4744A5 /* Pods_iot_ios_sandboxUITests.framework */; };
		4ED8F01A14EA1D7CC281AA0A /* Pods_iot_ios_sandboxTests.framework in Frameworks */ = {isa = PBXBuildFile; fileRef = 6FF7EE1AE22D43E04240EE12 /* Pods_iot_ios_sandboxTests.framework */; };
		728BFD1B22731E460047FA83 /* AppDelegate.swift in Sources */ = {isa = PBXBuildFile; fileRef = 728BFD1A22731E460047FA83 /* AppDelegate.swift */; };
		728BFD1D22731E460047FA83 /* ViewController.swift in Sources */ = {isa = PBXBuildFile; fileRef = 728BFD1C22731E460047FA83 /* ViewController.swift */; };
		728BFD2022731E460047FA83 /* Main.storyboard in Resources */ = {isa = PBXBuildFile; fileRef = 728BFD1E22731E460047FA83 /* Main.storyboard */; };
		728BFD2222731E460047FA83 /* Assets.xcassets in Resources */ = {isa = PBXBuildFile; fileRef = 728BFD2122731E460047FA83 /* Assets.xcassets */; };
		728BFD2522731E460047FA83 /* LaunchScreen.storyboard in Resources */ = {isa = PBXBuildFile; fileRef = 728BFD2322731E460047FA83 /* LaunchScreen.storyboard */; };
		728BFD3022731E470047FA83 /* iot_ios_sandboxTests.swift in Sources */ = {isa = PBXBuildFile; fileRef = 728BFD2F22731E470047FA83 /* iot_ios_sandboxTests.swift */; };
		728BFD3B22731E470047FA83 /* iot_ios_sandboxUITests.swift in Sources */ = {isa = PBXBuildFile; fileRef = 728BFD3A22731E470047FA83 /* iot_ios_sandboxUITests.swift */; };
		728BFD4B22731E910047FA83 /* Constants.swift in Sources */ = {isa = PBXBuildFile; fileRef = 728BFD4A22731E910047FA83 /* Constants.swift */; };
		72B389E7227749DD0011F603 /* Plants.swift in Sources */ = {isa = PBXBuildFile; fileRef = 72B389E6227749DD0011F603 /* Plants.swift */; };
		72B389E9227757600011F603 /* PlantsMapper.swift in Sources */ = {isa = PBXBuildFile; fileRef = 72B389E8227757600011F603 /* PlantsMapper.swift */; };
		EEDB4923930C9BB86B43B7D6 /* Pods_iot_ios_sandbox.framework in Frameworks */ = {isa = PBXBuildFile; fileRef = 4EA7D34E92DD3865135D6416 /* Pods_iot_ios_sandbox.framework */; };
/* End PBXBuildFile section */

/* Begin PBXContainerItemProxy section */
		728BFD2C22731E470047FA83 /* PBXContainerItemProxy */ = {
			isa = PBXContainerItemProxy;
			containerPortal = 728BFD0F22731E460047FA83 /* Project object */;
			proxyType = 1;
			remoteGlobalIDString = 728BFD1622731E460047FA83;
			remoteInfo = "iot-ios-sandbox";
		};
		728BFD3722731E470047FA83 /* PBXContainerItemProxy */ = {
			isa = PBXContainerItemProxy;
			containerPortal = 728BFD0F22731E460047FA83 /* Project object */;
			proxyType = 1;
			remoteGlobalIDString = 728BFD1622731E460047FA83;
			remoteInfo = "iot-ios-sandbox";
		};
/* End PBXContainerItemProxy section */

/* Begin PBXFileReference section */
		12E26B9E8876473CDD3E2998 /* Pods-iot-ios-sandbox.release.xcconfig */ = {isa = PBXFileReference; includeInIndex = 1; lastKnownFileType = text.xcconfig; name = "Pods-iot-ios-sandbox.release.xcconfig"; path = "Target Support Files/Pods-iot-ios-sandbox/Pods-iot-ios-sandbox.release.xcconfig"; sourceTree = "<group>"; };
		1C4329A75E51F9362C241D9D /* Pods-iot-ios-sandbox.debug.xcconfig */ = {isa = PBXFileReference; includeInIndex = 1; lastKnownFileType = text.xcconfig; name = "Pods-iot-ios-sandbox.debug.xcconfig"; path = "Target Support Files/Pods-iot-ios-sandbox/Pods-iot-ios-sandbox.debug.xcconfig"; sourceTree = "<group>"; };
		34F4B3E709F1208C15FC7603 /* Pods-iot-ios-sandboxTests.debug.xcconfig */ = {isa = PBXFileReference; includeInIndex = 1; lastKnownFileType = text.xcconfig; name = "Pods-iot-ios-sandboxTests.debug.xcconfig"; path = "Target Support Files/Pods-iot-ios-sandboxTests/Pods-iot-ios-sandboxTests.debug.xcconfig"; sourceTree = "<group>"; };
		4EA7D34E92DD3865135D6416 /* Pods_iot_ios_sandbox.framework */ = {isa = PBXFileReference; explicitFileType = wrapper.framework; includeInIndex = 0; path = Pods_iot_ios_sandbox.framework; sourceTree = BUILT_PRODUCTS_DIR; };
		6FF7EE1AE22D43E04240EE12 /* Pods_iot_ios_sandboxTests.framework */ = {isa = PBXFileReference; explicitFileType = wrapper.framework; includeInIndex = 0; path = Pods_iot_ios_sandboxTests.framework; sourceTree = BUILT_PRODUCTS_DIR; };
		728BFD1722731E460047FA83 /* iot-ios-sandbox.app */ = {isa = PBXFileReference; explicitFileType = wrapper.application; includeInIndex = 0; path = "iot-ios-sandbox.app"; sourceTree = BUILT_PRODUCTS_DIR; };
		728BFD1A22731E460047FA83 /* AppDelegate.swift */ = {isa = PBXFileReference; lastKnownFileType = sourcecode.swift; path = AppDelegate.swift; sourceTree = "<group>"; };
		728BFD1C22731E460047FA83 /* ViewController.swift */ = {isa = PBXFileReference; lastKnownFileType = sourcecode.swift; path = ViewController.swift; sourceTree = "<group>"; };
		728BFD1F22731E460047FA83 /* Base */ = {isa = PBXFileReference; lastKnownFileType = file.storyboard; name = Base; path = Base.lproj/Main.storyboard; sourceTree = "<group>"; };
		728BFD2122731E460047FA83 /* Assets.xcassets */ = {isa = PBXFileReference; lastKnownFileType = folder.assetcatalog; path = Assets.xcassets; sourceTree = "<group>"; };
		728BFD2422731E460047FA83 /* Base */ = {isa = PBXFileReference; lastKnownFileType = file.storyboard; name = Base; path = Base.lproj/LaunchScreen.storyboard; sourceTree = "<group>"; };
		728BFD2622731E460047FA83 /* Info.plist */ = {isa = PBXFileReference; lastKnownFileType = text.plist.xml; path = Info.plist; sourceTree = "<group>"; };
		728BFD2B22731E470047FA83 /* iot-ios-sandboxTests.xctest */ = {isa = PBXFileReference; explicitFileType = wrapper.cfbundle; includeInIndex = 0; path = "iot-ios-sandboxTests.xctest"; sourceTree = BUILT_PRODUCTS_DIR; };
		728BFD2F22731E470047FA83 /* iot_ios_sandboxTests.swift */ = {isa = PBXFileReference; lastKnownFileType = sourcecode.swift; path = iot_ios_sandboxTests.swift; sourceTree = "<group>"; };
		728BFD3122731E470047FA83 /* Info.plist */ = {isa = PBXFileReference; lastKnownFileType = text.plist.xml; path = Info.plist; sourceTree = "<group>"; };
		728BFD3622731E470047FA83 /* iot-ios-sandboxUITests.xctest */ = {isa = PBXFileReference; explicitFileType = wrapper.cfbundle; includeInIndex = 0; path = "iot-ios-sandboxUITests.xctest"; sourceTree = BUILT_PRODUCTS_DIR; };
		728BFD3A22731E470047FA83 /* iot_ios_sandboxUITests.swift */ = {isa = PBXFileReference; lastKnownFileType = sourcecode.swift; path = iot_ios_sandboxUITests.swift; sourceTree = "<group>"; };
		728BFD3C22731E470047FA83 /* Info.plist */ = {isa = PBXFileReference; lastKnownFileType = text.plist.xml; path = Info.plist; sourceTree = "<group>"; };
		728BFD4A22731E910047FA83 /* Constants.swift */ = {isa = PBXFileReference; lastKnownFileType = sourcecode.swift; path = Constants.swift; sourceTree = "<group>"; };
		728BFD4C2273476B0047FA83 /* iot-ios-sandbox.entitlements */ = {isa = PBXFileReference; lastKnownFileType = text.plist.entitlements; path = "iot-ios-sandbox.entitlements"; sourceTree = "<group>"; };
		72B389E6227749DD0011F603 /* Plants.swift */ = {isa = PBXFileReference; lastKnownFileType = sourcecode.swift; path = Plants.swift; sourceTree = "<group>"; };
		72B389E8227757600011F603 /* PlantsMapper.swift */ = {isa = PBXFileReference; lastKnownFileType = sourcecode.swift; path = PlantsMapper.swift; sourceTree = "<group>"; };
		77207E8E1148FA66AD4744A5 /* Pods_iot_ios_sandboxUITests.framework */ = {isa = PBXFileReference; explicitFileType = wrapper.framework; includeInIndex = 0; path = Pods_iot_ios_sandboxUITests.framework; sourceTree = BUILT_PRODUCTS_DIR; };
		910DA166920898D59E7AC6BA /* Pods-iot-ios-sandboxUITests.debug.xcconfig */ = {isa = PBXFileReference; includeInIndex = 1; lastKnownFileType = text.xcconfig; name = "Pods-iot-ios-sandboxUITests.debug.xcconfig"; path = "Target Support Files/Pods-iot-ios-sandboxUITests/Pods-iot-ios-sandboxUITests.debug.xcconfig"; sourceTree = "<group>"; };
		B65A2D79F7996E7236D31320 /* Pods-iot-ios-sandboxUITests.release.xcconfig */ = {isa = PBXFileReference; includeInIndex = 1; lastKnownFileType = text.xcconfig; name = "Pods-iot-ios-sandboxUITests.release.xcconfig"; path = "Target Support Files/Pods-iot-ios-sandboxUITests/Pods-iot-ios-sandboxUITests.release.xcconfig"; sourceTree = "<group>"; };
		FB6C27BEB45E53668386F7F3 /* Pods-iot-ios-sandboxTests.release.xcconfig */ = {isa = PBXFileReference; includeInIndex = 1; lastKnownFileType = text.xcconfig; name = "Pods-iot-ios-sandboxTests.release.xcconfig"; path = "Target Support Files/Pods-iot-ios-sandboxTests/Pods-iot-ios-sandboxTests.release.xcconfig"; sourceTree = "<group>"; };
/* End PBXFileReference section */

/* Begin PBXFrameworksBuildPhase section */
		728BFD1422731E460047FA83 /* Frameworks */ = {
			isa = PBXFrameworksBuildPhase;
			buildActionMask = 2147483647;
			files = (
				EEDB4923930C9BB86B43B7D6 /* Pods_iot_ios_sandbox.framework in Frameworks */,
			);
			runOnlyForDeploymentPostprocessing = 0;
		};
		728BFD2822731E470047FA83 /* Frameworks */ = {
			isa = PBXFrameworksBuildPhase;
			buildActionMask = 2147483647;
			files = (
				4ED8F01A14EA1D7CC281AA0A /* Pods_iot_ios_sandboxTests.framework in Frameworks */,
			);
			runOnlyForDeploymentPostprocessing = 0;
		};
		728BFD3322731E470047FA83 /* Frameworks */ = {
			isa = PBXFrameworksBuildPhase;
			buildActionMask = 2147483647;
			files = (
				2A244E7E566FBC7A9F9B7026 /* Pods_iot_ios_sandboxUITests.framework in Frameworks */,
			);
			runOnlyForDeploymentPostprocessing = 0;
		};
/* End PBXFrameworksBuildPhase section */

/* Begin PBXGroup section */
		728BFD0E22731E460047FA83 = {
			isa = PBXGroup;
			children = (
				728BFD1922731E460047FA83 /* iot-ios-sandbox */,
				728BFD2E22731E470047FA83 /* iot-ios-sandboxTests */,
				728BFD3922731E470047FA83 /* iot-ios-sandboxUITests */,
				728BFD1822731E460047FA83 /* Products */,
				D965F6B976D64ADE65ABE639 /* Pods */,
				ADE496C187BE5BC5A12BAF47 /* Frameworks */,
			);
			sourceTree = "<group>";
		};
		728BFD1822731E460047FA83 /* Products */ = {
			isa = PBXGroup;
			children = (
				728BFD1722731E460047FA83 /* iot-ios-sandbox.app */,
				728BFD2B22731E470047FA83 /* iot-ios-sandboxTests.xctest */,
				728BFD3622731E470047FA83 /* iot-ios-sandboxUITests.xctest */,
			);
			name = Products;
			sourceTree = "<group>";
		};
		728BFD1922731E460047FA83 /* iot-ios-sandbox */ = {
			isa = PBXGroup;
			children = (
				72B389E5227749C00011F603 /* model */,
				72B389E02277470C0011F603 /* api */,
				728BFD4C2273476B0047FA83 /* iot-ios-sandbox.entitlements */,
				728BFD4922731E5A0047FA83 /* auth */,
				728BFD4822731E500047FA83 /* helper */,
				728BFD1A22731E460047FA83 /* AppDelegate.swift */,
				728BFD1C22731E460047FA83 /* ViewController.swift */,
				728BFD1E22731E460047FA83 /* Main.storyboard */,
				728BFD2122731E460047FA83 /* Assets.xcassets */,
				728BFD2322731E460047FA83 /* LaunchScreen.storyboard */,
				728BFD2622731E460047FA83 /* Info.plist */,
			);
			path = "iot-ios-sandbox";
			sourceTree = "<group>";
		};
		728BFD2E22731E470047FA83 /* iot-ios-sandboxTests */ = {
			isa = PBXGroup;
			children = (
				728BFD2F22731E470047FA83 /* iot_ios_sandboxTests.swift */,
				728BFD3122731E470047FA83 /* Info.plist */,
			);
			path = "iot-ios-sandboxTests";
			sourceTree = "<group>";
		};
		728BFD3922731E470047FA83 /* iot-ios-sandboxUITests */ = {
			isa = PBXGroup;
			children = (
				728BFD3A22731E470047FA83 /* iot_ios_sandboxUITests.swift */,
				728BFD3C22731E470047FA83 /* Info.plist */,
			);
			path = "iot-ios-sandboxUITests";
			sourceTree = "<group>";
		};
		728BFD4822731E500047FA83 /* helper */ = {
			isa = PBXGroup;
			children = (
				728BFD4A22731E910047FA83 /* Constants.swift */,
			);
			path = helper;
			sourceTree = "<group>";
		};
		728BFD4922731E5A0047FA83 /* auth */ = {
			isa = PBXGroup;
			children = (
			);
			path = auth;
			sourceTree = "<group>";
		};
		72B389E02277470C0011F603 /* api */ = {
			isa = PBXGroup;
			children = (
			);
			path = api;
			sourceTree = "<group>";
		};
		72B389E5227749C00011F603 /* model */ = {
			isa = PBXGroup;
			children = (
				72B389E6227749DD0011F603 /* Plants.swift */,
				72B389E8227757600011F603 /* PlantsMapper.swift */,
			);
			path = model;
			sourceTree = "<group>";
		};
		ADE496C187BE5BC5A12BAF47 /* Frameworks */ = {
			isa = PBXGroup;
			children = (
				4EA7D34E92DD3865135D6416 /* Pods_iot_ios_sandbox.framework */,
				6FF7EE1AE22D43E04240EE12 /* Pods_iot_ios_sandboxTests.framework */,
				77207E8E1148FA66AD4744A5 /* Pods_iot_ios_sandboxUITests.framework */,
			);
			name = Frameworks;
			sourceTree = "<group>";
		};
		D965F6B976D64ADE65ABE639 /* Pods */ = {
			isa = PBXGroup;
			children = (
				1C4329A75E51F9362C241D9D /* Pods-iot-ios-sandbox.debug.xcconfig */,
				12E26B9E8876473CDD3E2998 /* Pods-iot-ios-sandbox.release.xcconfig */,
				34F4B3E709F1208C15FC7603 /* Pods-iot-ios-sandboxTests.debug.xcconfig */,
				FB6C27BEB45E53668386F7F3 /* Pods-iot-ios-sandboxTests.release.xcconfig */,
				910DA166920898D59E7AC6BA /* Pods-iot-ios-sandboxUITests.debug.xcconfig */,
				B65A2D79F7996E7236D31320 /* Pods-iot-ios-sandboxUITests.release.xcconfig */,
			);
			path = Pods;
			sourceTree = "<group>";
		};
/* End PBXGroup section */

/* Begin PBXNativeTarget section */
		728BFD1622731E460047FA83 /* iot-ios-sandbox */ = {
			isa = PBXNativeTarget;
			buildConfigurationList = 728BFD3F22731E470047FA83 /* Build configuration list for PBXNativeTarget "iot-ios-sandbox" */;
			buildPhases = (
				9DC3AAAA4A5D43A9DC7435E8 /* [CP] Check Pods Manifest.lock */,
				728BFD1322731E460047FA83 /* Sources */,
				728BFD1422731E460047FA83 /* Frameworks */,
				728BFD1522731E460047FA83 /* Resources */,
				5E8CFC08192504969FE74994 /* [CP] Embed Pods Frameworks */,
			);
			buildRules = (
			);
			dependencies = (
			);
			name = "iot-ios-sandbox";
			productName = "iot-ios-sandbox";
			productReference = 728BFD1722731E460047FA83 /* iot-ios-sandbox.app */;
			productType = "com.apple.product-type.application";
		};
		728BFD2A22731E470047FA83 /* iot-ios-sandboxTests */ = {
			isa = PBXNativeTarget;
			buildConfigurationList = 728BFD4222731E470047FA83 /* Build configuration list for PBXNativeTarget "iot-ios-sandboxTests" */;
			buildPhases = (
				049F48670E59D1EF01B4600F /* [CP] Check Pods Manifest.lock */,
				728BFD2722731E470047FA83 /* Sources */,
				728BFD2822731E470047FA83 /* Frameworks */,
				728BFD2922731E470047FA83 /* Resources */,
			);
			buildRules = (
			);
			dependencies = (
				728BFD2D22731E470047FA83 /* PBXTargetDependency */,
			);
			name = "iot-ios-sandboxTests";
			productName = "iot-ios-sandboxTests";
			productReference = 728BFD2B22731E470047FA83 /* iot-ios-sandboxTests.xctest */;
			productType = "com.apple.product-type.bundle.unit-test";
		};
		728BFD3522731E470047FA83 /* iot-ios-sandboxUITests */ = {
			isa = PBXNativeTarget;
			buildConfigurationList = 728BFD4522731E470047FA83 /* Build configuration list for PBXNativeTarget "iot-ios-sandboxUITests" */;
			buildPhases = (
				865C68C28D2BEB150FBDF52E /* [CP] Check Pods Manifest.lock */,
				728BFD3222731E470047FA83 /* Sources */,
				728BFD3322731E470047FA83 /* Frameworks */,
				728BFD3422731E470047FA83 /* Resources */,
			);
			buildRules = (
			);
			dependencies = (
				728BFD3822731E470047FA83 /* PBXTargetDependency */,
			);
			name = "iot-ios-sandboxUITests";
			productName = "iot-ios-sandboxUITests";
			productReference = 728BFD3622731E470047FA83 /* iot-ios-sandboxUITests.xctest */;
			productType = "com.apple.product-type.bundle.ui-testing";
		};
/* End PBXNativeTarget section */

/* Begin PBXProject section */
		728BFD0F22731E460047FA83 /* Project object */ = {
			isa = PBXProject;
			attributes = {
				LastSwiftUpdateCheck = 1020;
				LastUpgradeCheck = 1020;
				ORGANIZATIONNAME = WEG;
				TargetAttributes = {
					728BFD1622731E460047FA83 = {
						CreatedOnToolsVersion = 10.2.1;
						SystemCapabilities = {
							com.apple.Keychain = {
								enabled = 1;
							};
						};
					};
					728BFD2A22731E470047FA83 = {
						CreatedOnToolsVersion = 10.2.1;
						TestTargetID = 728BFD1622731E460047FA83;
					};
					728BFD3522731E470047FA83 = {
						CreatedOnToolsVersion = 10.2.1;
						TestTargetID = 728BFD1622731E460047FA83;
					};
				};
			};
			buildConfigurationList = 728BFD1222731E460047FA83 /* Build configuration list for PBXProject "iot-ios-sandbox" */;
			compatibilityVersion = "Xcode 9.3";
			developmentRegion = en;
			hasScannedForEncodings = 0;
			knownRegions = (
				en,
				Base,
			);
			mainGroup = 728BFD0E22731E460047FA83;
			productRefGroup = 728BFD1822731E460047FA83 /* Products */;
			projectDirPath = "";
			projectRoot = "";
			targets = (
				728BFD1622731E460047FA83 /* iot-ios-sandbox */,
				728BFD2A22731E470047FA83 /* iot-ios-sandboxTests */,
				728BFD3522731E470047FA83 /* iot-ios-sandboxUITests */,
			);
		};
/* End PBXProject section */

/* Begin PBXResourcesBuildPhase section */
		728BFD1522731E460047FA83 /* Resources */ = {
			isa = PBXResourcesBuildPhase;
			buildActionMask = 2147483647;
			files = (
				728BFD2522731E460047FA83 /* LaunchScreen.storyboard in Resources */,
				728BFD2222731E460047FA83 /* Assets.xcassets in Resources */,
				728BFD2022731E460047FA83 /* Main.storyboard in Resources */,
			);
			runOnlyForDeploymentPostprocessing = 0;
		};
		728BFD2922731E470047FA83 /* Resources */ = {
			isa = PBXResourcesBuildPhase;
			buildActionMask = 2147483647;
			files = (
			);
			runOnlyForDeploymentPostprocessing = 0;
		};
		728BFD3422731E470047FA83 /* Resources */ = {
			isa = PBXResourcesBuildPhase;
			buildActionMask = 2147483647;
			files = (
			);
			runOnlyForDeploymentPostprocessing = 0;
		};
/* End PBXResourcesBuildPhase section */

/* Begin PBXShellScriptBuildPhase section */
		049F48670E59D1EF01B4600F /* [CP] Check Pods Manifest.lock */ = {
			isa = PBXShellScriptBuildPhase;
			buildActionMask = 2147483647;
			files = (
			);
			inputFileListPaths = (
			);
			inputPaths = (
				"${PODS_PODFILE_DIR_PATH}/Podfile.lock",
				"${PODS_ROOT}/Manifest.lock",
			);
			name = "[CP] Check Pods Manifest.lock";
			outputFileListPaths = (
			);
			outputPaths = (
				"$(DERIVED_FILE_DIR)/Pods-iot-ios-sandboxTests-checkManifestLockResult.txt",
			);
			runOnlyForDeploymentPostprocessing = 0;
			shellPath = /bin/sh;
			shellScript = "diff \"${PODS_PODFILE_DIR_PATH}/Podfile.lock\" \"${PODS_ROOT}/Manifest.lock\" > /dev/null\nif [ $? != 0 ] ; then\n    # print error to STDERR\n    echo \"error: The sandbox is not in sync with the Podfile.lock. Run 'pod install' or update your CocoaPods installation.\" >&2\n    exit 1\nfi\n# This output is used by Xcode 'outputs' to avoid re-running this script phase.\necho \"SUCCESS\" > \"${SCRIPT_OUTPUT_FILE_0}\"\n";
			showEnvVarsInLog = 0;
		};
		5E8CFC08192504969FE74994 /* [CP] Embed Pods Frameworks */ = {
			isa = PBXShellScriptBuildPhase;
			buildActionMask = 2147483647;
			files = (
			);
			inputFileListPaths = (
			);
			inputPaths = (
				"${PODS_ROOT}/Target Support Files/Pods-iot-ios-sandbox/Pods-iot-ios-sandbox-frameworks.sh",
				"${BUILT_PRODUCTS_DIR}/Alamofire/Alamofire.framework",
				"${BUILT_PRODUCTS_DIR}/MSAL/MSAL.framework",
				"${BUILT_PRODUCTS_DIR}/SwiftyJSON/SwiftyJSON.framework",
			);
			name = "[CP] Embed Pods Frameworks";
			outputFileListPaths = (
			);
			outputPaths = (
				"${TARGET_BUILD_DIR}/${FRAMEWORKS_FOLDER_PATH}/Alamofire.framework",
				"${TARGET_BUILD_DIR}/${FRAMEWORKS_FOLDER_PATH}/MSAL.framework",
				"${TARGET_BUILD_DIR}/${FRAMEWORKS_FOLDER_PATH}/SwiftyJSON.framework",
			);
			runOnlyForDeploymentPostprocessing = 0;
			shellPath = /bin/sh;
			shellScript = "\"${PODS_ROOT}/Target Support Files/Pods-iot-ios-sandbox/Pods-iot-ios-sandbox-frameworks.sh\"\n";
			showEnvVarsInLog = 0;
		};
		865C68C28D2BEB150FBDF52E /* [CP] Check Pods Manifest.lock */ = {
			isa = PBXShellScriptBuildPhase;
			buildActionMask = 2147483647;
			files = (
			);
			inputFileListPaths = (
			);
			inputPaths = (
				"${PODS_PODFILE_DIR_PATH}/Podfile.lock",
				"${PODS_ROOT}/Manifest.lock",
			);
			name = "[CP] Check Pods Manifest.lock";
			outputFileListPaths = (
			);
			outputPaths = (
				"$(DERIVED_FILE_DIR)/Pods-iot-ios-sandboxUITests-checkManifestLockResult.txt",
			);
			runOnlyForDeploymentPostprocessing = 0;
			shellPath = /bin/sh;
			shellScript = "diff \"${PODS_PODFILE_DIR_PATH}/Podfile.lock\" \"${PODS_ROOT}/Manifest.lock\" > /dev/null\nif [ $? != 0 ] ; then\n    # print error to STDERR\n    echo \"error: The sandbox is not in sync with the Podfile.lock. Run 'pod install' or update your CocoaPods installation.\" >&2\n    exit 1\nfi\n# This output is used by Xcode 'outputs' to avoid re-running this script phase.\necho \"SUCCESS\" > \"${SCRIPT_OUTPUT_FILE_0}\"\n";
			showEnvVarsInLog = 0;
		};
		9DC3AAAA4A5D43A9DC7435E8 /* [CP] Check Pods Manifest.lock */ = {
			isa = PBXShellScriptBuildPhase;
			buildActionMask = 2147483647;
			files = (
			);
			inputFileListPaths = (
			);
			inputPaths = (
				"${PODS_PODFILE_DIR_PATH}/Podfile.lock",
				"${PODS_ROOT}/Manifest.lock",
			);
			name = "[CP] Check Pods Manifest.lock";
			outputFileListPaths = (
			);
			outputPaths = (
				"$(DERIVED_FILE_DIR)/Pods-iot-ios-sandbox-checkManifestLockResult.txt",
			);
			runOnlyForDeploymentPostprocessing = 0;
			shellPath = /bin/sh;
			shellScript = "diff \"${PODS_PODFILE_DIR_PATH}/Podfile.lock\" \"${PODS_ROOT}/Manifest.lock\" > /dev/null\nif [ $? != 0 ] ; then\n    # print error to STDERR\n    echo \"error: The sandbox is not in sync with the Podfile.lock. Run 'pod install' or update your CocoaPods installation.\" >&2\n    exit 1\nfi\n# This output is used by Xcode 'outputs' to avoid re-running this script phase.\necho \"SUCCESS\" > \"${SCRIPT_OUTPUT_FILE_0}\"\n";
			showEnvVarsInLog = 0;
		};
/* End PBXShellScriptBuildPhase section */

/* Begin PBXSourcesBuildPhase section */
		728BFD1322731E460047FA83 /* Sources */ = {
			isa = PBXSourcesBuildPhase;
			buildActionMask = 2147483647;
			files = (
				72B389E7227749DD0011F603 /* Plants.swift in Sources */,
				728BFD1D22731E460047FA83 /* ViewController.swift in Sources */,
				72B389E9227757600011F603 /* PlantsMapper.swift in Sources */,
				728BFD1B22731E460047FA83 /* AppDelegate.swift in Sources */,
				728BFD4B22731E910047FA83 /* Constants.swift in Sources */,
			);
			runOnlyForDeploymentPostprocessing = 0;
		};
		728BFD2722731E470047FA83 /* Sources */ = {
			isa = PBXSourcesBuildPhase;
			buildActionMask = 2147483647;
			files = (
				728BFD3022731E470047FA83 /* iot_ios_sandboxTests.swift in Sources */,
			);
			runOnlyForDeploymentPostprocessing = 0;
		};
		728BFD3222731E470047FA83 /* Sources */ = {
			isa = PBXSourcesBuildPhase;
			buildActionMask = 2147483647;
			files = (
				728BFD3B22731E470047FA83 /* iot_ios_sandboxUITests.swift in Sources */,
			);
			runOnlyForDeploymentPostprocessing = 0;
		};
/* End PBXSourcesBuildPhase section */

/* Begin PBXTargetDependency section */
		728BFD2D22731E470047FA83 /* PBXTargetDependency */ = {
			isa = PBXTargetDependency;
			target = 728BFD1622731E460047FA83 /* iot-ios-sandbox */;
			targetProxy = 728BFD2C22731E470047FA83 /* PBXContainerItemProxy */;
		};
		728BFD3822731E470047FA83 /* PBXTargetDependency */ = {
			isa = PBXTargetDependency;
			target = 728BFD1622731E460047FA83 /* iot-ios-sandbox */;
			targetProxy = 728BFD3722731E470047FA83 /* PBXContainerItemProxy */;
		};
/* End PBXTargetDependency section */

/* Begin PBXVariantGroup section */
		728BFD1E22731E460047FA83 /* Main.storyboard */ = {
			isa = PBXVariantGroup;
			children = (
				728BFD1F22731E460047FA83 /* Base */,
			);
			name = Main.storyboard;
			sourceTree = "<group>";
		};
		728BFD2322731E460047FA83 /* LaunchScreen.storyboard */ = {
			isa = PBXVariantGroup;
			children = (
				728BFD2422731E460047FA83 /* Base */,
			);
			name = LaunchScreen.storyboard;
			sourceTree = "<group>";
		};
/* End PBXVariantGroup section */

/* Begin XCBuildConfiguration section */
		728BFD3D22731E470047FA83 /* Debug */ = {
			isa = XCBuildConfiguration;
			buildSettings = {
				ALWAYS_SEARCH_USER_PATHS = NO;
				CLANG_ANALYZER_NONNULL = YES;
				CLANG_ANALYZER_NUMBER_OBJECT_CONVERSION = YES_AGGRESSIVE;
				CLANG_CXX_LANGUAGE_STANDARD = "gnu++14";
				CLANG_CXX_LIBRARY = "libc++";
				CLANG_ENABLE_MODULES = YES;
				CLANG_ENABLE_OBJC_ARC = YES;
				CLANG_ENABLE_OBJC_WEAK = YES;
				CLANG_WARN_BLOCK_CAPTURE_AUTORELEASING = YES;
				CLANG_WARN_BOOL_CONVERSION = YES;
				CLANG_WARN_COMMA = YES;
				CLANG_WARN_CONSTANT_CONVERSION = YES;
				CLANG_WARN_DEPRECATED_OBJC_IMPLEMENTATIONS = YES;
				CLANG_WARN_DIRECT_OBJC_ISA_USAGE = YES_ERROR;
				CLANG_WARN_DOCUMENTATION_COMMENTS = YES;
				CLANG_WARN_EMPTY_BODY = YES;
				CLANG_WARN_ENUM_CONVERSION = YES;
				CLANG_WARN_INFINITE_RECURSION = YES;
				CLANG_WARN_INT_CONVERSION = YES;
				CLANG_WARN_NON_LITERAL_NULL_CONVERSION = YES;
				CLANG_WARN_OBJC_IMPLICIT_RETAIN_SELF = YES;
				CLANG_WARN_OBJC_LITERAL_CONVERSION = YES;
				CLANG_WARN_OBJC_ROOT_CLASS = YES_ERROR;
				CLANG_WARN_RANGE_LOOP_ANALYSIS = YES;
				CLANG_WARN_STRICT_PROTOTYPES = YES;
				CLANG_WARN_SUSPICIOUS_MOVE = YES;
				CLANG_WARN_UNGUARDED_AVAILABILITY = YES_AGGRESSIVE;
				CLANG_WARN_UNREACHABLE_CODE = YES;
				CLANG_WARN__DUPLICATE_METHOD_MATCH = YES;
				CODE_SIGN_IDENTITY = "iPhone Developer";
				COPY_PHASE_STRIP = NO;
				DEBUG_INFORMATION_FORMAT = dwarf;
				ENABLE_STRICT_OBJC_MSGSEND = YES;
				ENABLE_TESTABILITY = YES;
				GCC_C_LANGUAGE_STANDARD = gnu11;
				GCC_DYNAMIC_NO_PIC = NO;
				GCC_NO_COMMON_BLOCKS = YES;
				GCC_OPTIMIZATION_LEVEL = 0;
				GCC_PREPROCESSOR_DEFINITIONS = (
					"DEBUG=1",
					"$(inherited)",
				);
				GCC_WARN_64_TO_32_BIT_CONVERSION = YES;
				GCC_WARN_ABOUT_RETURN_TYPE = YES_ERROR;
				GCC_WARN_UNDECLARED_SELECTOR = YES;
				GCC_WARN_UNINITIALIZED_AUTOS = YES_AGGRESSIVE;
				GCC_WARN_UNUSED_FUNCTION = YES;
				GCC_WARN_UNUSED_VARIABLE = YES;
				IPHONEOS_DEPLOYMENT_TARGET = 12.2;
				MTL_ENABLE_DEBUG_INFO = INCLUDE_SOURCE;
				MTL_FAST_MATH = YES;
				ONLY_ACTIVE_ARCH = YES;
				SDKROOT = iphoneos;
				SWIFT_ACTIVE_COMPILATION_CONDITIONS = DEBUG;
				SWIFT_OPTIMIZATION_LEVEL = "-Onone";
			};
			name = Debug;
		};
		728BFD3E22731E470047FA83 /* Release */ = {
			isa = XCBuildConfiguration;
			buildSettings = {
				ALWAYS_SEARCH_USER_PATHS = NO;
				CLANG_ANALYZER_NONNULL = YES;
				CLANG_ANALYZER_NUMBER_OBJECT_CONVERSION = YES_AGGRESSIVE;
				CLANG_CXX_LANGUAGE_STANDARD = "gnu++14";
				CLANG_CXX_LIBRARY = "libc++";
				CLANG_ENABLE_MODULES = YES;
				CLANG_ENABLE_OBJC_ARC = YES;
				CLANG_ENABLE_OBJC_WEAK = YES;
				CLANG_WARN_BLOCK_CAPTURE_AUTORELEASING = YES;
				CLANG_WARN_BOOL_CONVERSION = YES;
				CLANG_WARN_COMMA = YES;
				CLANG_WARN_CONSTANT_CONVERSION = YES;
				CLANG_WARN_DEPRECATED_OBJC_IMPLEMENTATIONS = YES;
				CLANG_WARN_DIRECT_OBJC_ISA_USAGE = YES_ERROR;
				CLANG_WARN_DOCUMENTATION_COMMENTS = YES;
				CLANG_WARN_EMPTY_BODY = YES;
				CLANG_WARN_ENUM_CONVERSION = YES;
				CLANG_WARN_INFINITE_RECURSION = YES;
				CLANG_WARN_INT_CONVERSION = YES;
				CLANG_WARN_NON_LITERAL_NULL_CONVERSION = YES;
				CLANG_WARN_OBJC_IMPLICIT_RETAIN_SELF = YES;
				CLANG_WARN_OBJC_LITERAL_CONVERSION = YES;
				CLANG_WARN_OBJC_ROOT_CLASS = YES_ERROR;
				CLANG_WARN_RANGE_LOOP_ANALYSIS = YES;
				CLANG_WARN_STRICT_PROTOTYPES = YES;
				CLANG_WARN_SUSPICIOUS_MOVE = YES;
				CLANG_WARN_UNGUARDED_AVAILABILITY = YES_AGGRESSIVE;
				CLANG_WARN_UNREACHABLE_CODE = YES;
				CLANG_WARN__DUPLICATE_METHOD_MATCH = YES;
				CODE_SIGN_IDENTITY = "iPhone Developer";
				COPY_PHASE_STRIP = NO;
				DEBUG_INFORMATION_FORMAT = "dwarf-with-dsym";
				ENABLE_NS_ASSERTIONS = NO;
				ENABLE_STRICT_OBJC_MSGSEND = YES;
				GCC_C_LANGUAGE_STANDARD = gnu11;
				GCC_NO_COMMON_BLOCKS = YES;
				GCC_WARN_64_TO_32_BIT_CONVERSION = YES;
				GCC_WARN_ABOUT_RETURN_TYPE = YES_ERROR;
				GCC_WARN_UNDECLARED_SELECTOR = YES;
				GCC_WARN_UNINITIALIZED_AUTOS = YES_AGGRESSIVE;
				GCC_WARN_UNUSED_FUNCTION = YES;
				GCC_WARN_UNUSED_VARIABLE = YES;
				IPHONEOS_DEPLOYMENT_TARGET = 12.2;
				MTL_ENABLE_DEBUG_INFO = NO;
				MTL_FAST_MATH = YES;
				SDKROOT = iphoneos;
				SWIFT_COMPILATION_MODE = wholemodule;
				SWIFT_OPTIMIZATION_LEVEL = "-O";
				VALIDATE_PRODUCT = YES;
			};
			name = Release;
		};
		728BFD4022731E470047FA83 /* Debug */ = {
			isa = XCBuildConfiguration;
			baseConfigurationReference = 1C4329A75E51F9362C241D9D /* Pods-iot-ios-sandbox.debug.xcconfig */;
			buildSettings = {
				ASSETCATALOG_COMPILER_APPICON_NAME = AppIcon;
				CODE_SIGN_ENTITLEMENTS = "iot-ios-sandbox/iot-ios-sandbox.entitlements";
				CODE_SIGN_STYLE = Automatic;
				DEVELOPMENT_TEAM = PD5X9XADX4;
				INFOPLIST_FILE = "iot-ios-sandbox/Info.plist";
				LD_RUNPATH_SEARCH_PATHS = (
					"$(inherited)",
					"@executable_path/Frameworks",
				);
				PRODUCT_BUNDLE_IDENTIFIER = "net.weg.iot-ios-sandbox";
				PRODUCT_NAME = "$(TARGET_NAME)";
				SWIFT_VERSION = 5.0;
				TARGETED_DEVICE_FAMILY = "1,2";
			};
			name = Debug;
		};
		728BFD4122731E470047FA83 /* Release */ = {
			isa = XCBuildConfiguration;
			baseConfigurationReference = 12E26B9E8876473CDD3E2998 /* Pods-iot-ios-sandbox.release.xcconfig */;
			buildSettings = {
				ASSETCATALOG_COMPILER_APPICON_NAME = AppIcon;
				CODE_SIGN_ENTITLEMENTS = "iot-ios-sandbox/iot-ios-sandbox.entitlements";
				CODE_SIGN_STYLE = Automatic;
				DEVELOPMENT_TEAM = PD5X9XADX4;
				INFOPLIST_FILE = "iot-ios-sandbox/Info.plist";
				LD_RUNPATH_SEARCH_PATHS = (
					"$(inherited)",
					"@executable_path/Frameworks",
				);
				PRODUCT_BUNDLE_IDENTIFIER = "net.weg.iot-ios-sandbox";
				PRODUCT_NAME = "$(TARGET_NAME)";
				SWIFT_VERSION = 5.0;
				TARGETED_DEVICE_FAMILY = "1,2";
			};
			name = Release;
		};
		728BFD4322731E470047FA83 /* Debug */ = {
			isa = XCBuildConfiguration;
			baseConfigurationReference = 34F4B3E709F1208C15FC7603 /* Pods-iot-ios-sandboxTests.debug.xcconfig */;
			buildSettings = {
				ALWAYS_EMBED_SWIFT_STANDARD_LIBRARIES = YES;
				BUNDLE_LOADER = "$(TEST_HOST)";
				CODE_SIGN_STYLE = Automatic;
				DEVELOPMENT_TEAM = YKL6L2F6CS;
				INFOPLIST_FILE = "iot-ios-sandboxTests/Info.plist";
				LD_RUNPATH_SEARCH_PATHS = (
					"$(inherited)",
					"@executable_path/Frameworks",
					"@loader_path/Frameworks",
				);
				PRODUCT_BUNDLE_IDENTIFIER = "net.weg.iot-ios-sandboxTests";
				PRODUCT_NAME = "$(TARGET_NAME)";
				SWIFT_VERSION = 5.0;
				TARGETED_DEVICE_FAMILY = "1,2";
				TEST_HOST = "$(BUILT_PRODUCTS_DIR)/iot-ios-sandbox.app/iot-ios-sandbox";
			};
			name = Debug;
		};
		728BFD4422731E470047FA83 /* Release */ = {
			isa = XCBuildConfiguration;
			baseConfigurationReference = FB6C27BEB45E53668386F7F3 /* Pods-iot-ios-sandboxTests.release.xcconfig */;
			buildSettings = {
				ALWAYS_EMBED_SWIFT_STANDARD_LIBRARIES = YES;
				BUNDLE_LOADER = "$(TEST_HOST)";
				CODE_SIGN_STYLE = Automatic;
				DEVELOPMENT_TEAM = YKL6L2F6CS;
				INFOPLIST_FILE = "iot-ios-sandboxTests/Info.plist";
				LD_RUNPATH_SEARCH_PATHS = (
					"$(inherited)",
					"@executable_path/Frameworks",
					"@loader_path/Frameworks",
				);
				PRODUCT_BUNDLE_IDENTIFIER = "net.weg.iot-ios-sandboxTests";
				PRODUCT_NAME = "$(TARGET_NAME)";
				SWIFT_VERSION = 5.0;
				TARGETED_DEVICE_FAMILY = "1,2";
				TEST_HOST = "$(BUILT_PRODUCTS_DIR)/iot-ios-sandbox.app/iot-ios-sandbox";
			};
			name = Release;
		};
		728BFD4622731E470047FA83 /* Debug */ = {
			isa = XCBuildConfiguration;
			baseConfigurationReference = 910DA166920898D59E7AC6BA /* Pods-iot-ios-sandboxUITests.debug.xcconfig */;
			buildSettings = {
				ALWAYS_EMBED_SWIFT_STANDARD_LIBRARIES = YES;
				CODE_SIGN_STYLE = Automatic;
				DEVELOPMENT_TEAM = YKL6L2F6CS;
				INFOPLIST_FILE = "iot-ios-sandboxUITests/Info.plist";
				LD_RUNPATH_SEARCH_PATHS = (
					"$(inherited)",
					"@executable_path/Frameworks",
					"@loader_path/Frameworks",
				);
				PRODUCT_BUNDLE_IDENTIFIER = "net.weg.iot-ios-sandboxUITests";
				PRODUCT_NAME = "$(TARGET_NAME)";
				SWIFT_VERSION = 5.0;
				TARGETED_DEVICE_FAMILY = "1,2";
				TEST_TARGET_NAME = "iot-ios-sandbox";
			};
			name = Debug;
		};
		728BFD4722731E470047FA83 /* Release */ = {
			isa = XCBuildConfiguration;
			baseConfigurationReference = B65A2D79F7996E7236D31320 /* Pods-iot-ios-sandboxUITests.release.xcconfig */;
			buildSettings = {
				ALWAYS_EMBED_SWIFT_STANDARD_LIBRARIES = YES;
				CODE_SIGN_STYLE = Automatic;
				DEVELOPMENT_TEAM = YKL6L2F6CS;
				INFOPLIST_FILE = "iot-ios-sandboxUITests/Info.plist";
				LD_RUNPATH_SEARCH_PATHS = (
					"$(inherited)",
					"@executable_path/Frameworks",
					"@loader_path/Frameworks",
				);
				PRODUCT_BUNDLE_IDENTIFIER = "net.weg.iot-ios-sandboxUITests";
				PRODUCT_NAME = "$(TARGET_NAME)";
				SWIFT_VERSION = 5.0;
				TARGETED_DEVICE_FAMILY = "1,2";
				TEST_TARGET_NAME = "iot-ios-sandbox";
			};
			name = Release;
		};
/* End XCBuildConfiguration section */

/* Begin XCConfigurationList section */
		728BFD1222731E460047FA83 /* Build configuration list for PBXProject "iot-ios-sandbox" */ = {
			isa = XCConfigurationList;
			buildConfigurations = (
				728BFD3D22731E470047FA83 /* Debug */,
				728BFD3E22731E470047FA83 /* Release */,
			);
			defaultConfigurationIsVisible = 0;
			defaultConfigurationName = Release;
		};
		728BFD3F22731E470047FA83 /* Build configuration list for PBXNativeTarget "iot-ios-sandbox" */ = {
			isa = XCConfigurationList;
			buildConfigurations = (
				728BFD4022731E470047FA83 /* Debug */,
				728BFD4122731E470047FA83 /* Release */,
			);
			defaultConfigurationIsVisible = 0;
			defaultConfigurationName = Release;
		};
		728BFD4222731E470047FA83 /* Build configuration list for PBXNativeTarget "iot-ios-sandboxTests" */ = {
			isa = XCConfigurationList;
			buildConfigurations = (
				728BFD4322731E470047FA83 /* Debug */,
				728BFD4422731E470047FA83 /* Release */,
			);
			defaultConfigurationIsVisible = 0;
			defaultConfigurationName = Release;
		};
		728BFD4522731E470047FA83 /* Build configuration list for PBXNativeTarget "iot-ios-sandboxUITests" */ = {
			isa = XCConfigurationList;
			buildConfigurations = (
				728BFD4622731E470047FA83 /* Debug */,
				728BFD4722731E470047FA83 /* Release */,
			);
			defaultConfigurationIsVisible = 0;
			defaultConfigurationName = Release;
		};
/* End XCConfigurationList section */
	};
	rootObject = 728BFD0F22731E460047FA83 /* Project object */;
}
