// !$*UTF8*$!
{
	archiveVersion = 1;
	classes = {
	};
	objectVersion = 50;
	objects = {

/* Begin PBXBuildFile section */
		72453ED02285B59600160771 /* PlantDetailViewController.swift in Sources */ = {isa = PBXBuildFile; fileRef = 72453ECF2285B59600160771 /* PlantDetailViewController.swift */; };
		72453ED72285FEC800160771 /* WegButton.swift in Sources */ = {isa = PBXBuildFile; fileRef = 72453ED62285FEC800160771 /* WegButton.swift */; };
		724A2EA922944A400024CE55 /* .swiftlint.yml in Resources */ = {isa = PBXBuildFile; fileRef = 724A2EA822944A400024CE55 /* .swiftlint.yml */; };
		7251A6BE2289D582003DA7BD /* APIRouter.swift in Sources */ = {isa = PBXBuildFile; fileRef = 7251A6BD2289D582003DA7BD /* APIRouter.swift */; };
		7251A6C42289E4E7003DA7BD /* Device.swift in Sources */ = {isa = PBXBuildFile; fileRef = 7251A6C32289E4E7003DA7BD /* Device.swift */; };
		7251A6C62289E611003DA7BD /* DeviceMapper.swift in Sources */ = {isa = PBXBuildFile; fileRef = 7251A6C52289E611003DA7BD /* DeviceMapper.swift */; };
		72A7FB0E228462B500B75681 /* wegicon.png in Resources */ = {isa = PBXBuildFile; fileRef = 72A7FB0D228462B500B75681 /* wegicon.png */; };
		72A7FB102284683800B75681 /* AppErrors.swift in Sources */ = {isa = PBXBuildFile; fileRef = 72A7FB0F2284683800B75681 /* AppErrors.swift */; };
		72A7FB1222846A9000B75681 /* MSALAuthentication.swift in Sources */ = {isa = PBXBuildFile; fileRef = 72A7FB1122846A9000B75681 /* MSALAuthentication.swift */; };
		72ABBCF822806EED0089047F /* AppDelegate.swift in Sources */ = {isa = PBXBuildFile; fileRef = 72ABBCF722806EED0089047F /* AppDelegate.swift */; };
		72ABBCFD22806EED0089047F /* Main.storyboard in Resources */ = {isa = PBXBuildFile; fileRef = 72ABBCFB22806EED0089047F /* Main.storyboard */; };
		72ABBCFF22806EEF0089047F /* Assets.xcassets in Resources */ = {isa = PBXBuildFile; fileRef = 72ABBCFE22806EEF0089047F /* Assets.xcassets */; };
		72ABBD0222806EEF0089047F /* LaunchScreen.storyboard in Resources */ = {isa = PBXBuildFile; fileRef = 72ABBD0022806EEF0089047F /* LaunchScreen.storyboard */; };
		72ABBD1822806EEF0089047F /* IOSUITests.swift in Sources */ = {isa = PBXBuildFile; fileRef = 72ABBD1722806EEF0089047F /* IOSUITests.swift */; };
		72ABBD2C228074D50089047F /* AuthViewController.swift in Sources */ = {isa = PBXBuildFile; fileRef = 72ABBD2B228074D50089047F /* AuthViewController.swift */; };
		72ABBD2E228076E30089047F /* Constants.swift in Sources */ = {isa = PBXBuildFile; fileRef = 72ABBD2D228076E30089047F /* Constants.swift */; };
		72ABBD342280778F0089047F /* Plants.storyboard in Resources */ = {isa = PBXBuildFile; fileRef = 72ABBD332280778F0089047F /* Plants.storyboard */; };
		72ABBD36228079D80089047F /* PlantsAPI.swift in Sources */ = {isa = PBXBuildFile; fileRef = 72ABBD35228079D80089047F /* PlantsAPI.swift */; };
		72ABBD3A22807AB00089047F /* PlantViewController.swift in Sources */ = {isa = PBXBuildFile; fileRef = 72ABBD3922807AB00089047F /* PlantViewController.swift */; };
		72ABBD3C22807B830089047F /* PlantViewCell.swift in Sources */ = {isa = PBXBuildFile; fileRef = 72ABBD3B22807B830089047F /* PlantViewCell.swift */; };
		72ABBD3E22807C1B0089047F /* Plant.swift in Sources */ = {isa = PBXBuildFile; fileRef = 72ABBD3D22807C1B0089047F /* Plant.swift */; };
		72ABBD4222807C650089047F /* PlantMapper.swift in Sources */ = {isa = PBXBuildFile; fileRef = 72ABBD4122807C650089047F /* PlantMapper.swift */; };
		72B308432298171E00BBFC58 /* build.gradle in Resources */ = {isa = PBXBuildFile; fileRef = 72B308422298171E00BBFC58 /* build.gradle */; };
		72B5BE39228AF560000DC199 /* PlantsAPITests.swift in Sources */ = {isa = PBXBuildFile; fileRef = 72B5BE38228AF560000DC199 /* PlantsAPITests.swift */; };
		72B5BE49228B0164000DC199 /* MSALAuthenticationTests.swift in Sources */ = {isa = PBXBuildFile; fileRef = 72B5BE48228B0164000DC199 /* MSALAuthenticationTests.swift */; };
		72B6343122930DB000E7B514 /* Jenkinsfile in Resources */ = {isa = PBXBuildFile; fileRef = 72B6343022930DB000E7B514 /* Jenkinsfile */; };
		72B63433229334FA00E7B514 /* sonar-project.properties in Resources */ = {isa = PBXBuildFile; fileRef = 72B63432229334FA00E7B514 /* sonar-project.properties */; };
		B522EEC3F447BE85E1892BCD /* Pods_iot_ios_sandboxUITests.framework in Frameworks */ = {isa = PBXBuildFile; fileRef = 61F6C2AE162939AE94A240AA /* Pods_iot_ios_sandboxUITests.framework */; };
		B5FA9E6B3432B809D3C5D899 /* Pods_iot_ios_sandboxTests.framework in Frameworks */ = {isa = PBXBuildFile; fileRef = A88E1ECB7C7D4EA859B232F9 /* Pods_iot_ios_sandboxTests.framework */; };
		EDE64669B71FDB2867A7138C /* Pods_iot_ios_sandbox.framework in Frameworks */ = {isa = PBXBuildFile; fileRef = FBB65D3E692F00D3F02215E9 /* Pods_iot_ios_sandbox.framework */; };
/* End PBXBuildFile section */

/* Begin PBXContainerItemProxy section */
		72ABBD0922806EEF0089047F /* PBXContainerItemProxy */ = {
			isa = PBXContainerItemProxy;
			containerPortal = 72ABBCEC22806EED0089047F /* Project object */;
			proxyType = 1;
			remoteGlobalIDString = 72ABBCF322806EED0089047F;
			remoteInfo = "iot-ios-sandbox";
		};
		72ABBD1422806EEF0089047F /* PBXContainerItemProxy */ = {
			isa = PBXContainerItemProxy;
			containerPortal = 72ABBCEC22806EED0089047F /* Project object */;
			proxyType = 1;
			remoteGlobalIDString = 72ABBCF322806EED0089047F;
			remoteInfo = "iot-ios-sandbox";
		};
/* End PBXContainerItemProxy section */

/* Begin PBXFileReference section */
		1337D121AB698C653D17958A /* Pods-iot-ios-sandboxTests.release.xcconfig */ = {isa = PBXFileReference; includeInIndex = 1; lastKnownFileType = text.xcconfig; name = "Pods-iot-ios-sandboxTests.release.xcconfig"; path = "Target Support Files/Pods-iot-ios-sandboxTests/Pods-iot-ios-sandboxTests.release.xcconfig"; sourceTree = "<group>"; };
		547BC084B00F76B7237815E5 /* Pods-iot-ios-sandboxUITests.release.xcconfig */ = {isa = PBXFileReference; includeInIndex = 1; lastKnownFileType = text.xcconfig; name = "Pods-iot-ios-sandboxUITests.release.xcconfig"; path = "Target Support Files/Pods-iot-ios-sandboxUITests/Pods-iot-ios-sandboxUITests.release.xcconfig"; sourceTree = "<group>"; };
		61F6C2AE162939AE94A240AA /* Pods_iot_ios_sandboxUITests.framework */ = {isa = PBXFileReference; explicitFileType = wrapper.framework; includeInIndex = 0; path = Pods_iot_ios_sandboxUITests.framework; sourceTree = BUILT_PRODUCTS_DIR; };
		720E39192292E767007192E8 /* README.md */ = {isa = PBXFileReference; lastKnownFileType = net.daringfireball.markdown; path = README.md; sourceTree = "<group>"; };
		72453ECF2285B59600160771 /* PlantDetailViewController.swift */ = {isa = PBXFileReference; lastKnownFileType = sourcecode.swift; path = PlantDetailViewController.swift; sourceTree = "<group>"; };
		72453ED62285FEC800160771 /* WegButton.swift */ = {isa = PBXFileReference; lastKnownFileType = sourcecode.swift; path = WegButton.swift; sourceTree = "<group>"; };
		724A2EA822944A400024CE55 /* .swiftlint.yml */ = {isa = PBXFileReference; lastKnownFileType = text; path = .swiftlint.yml; sourceTree = "<group>"; };
		7251A6BD2289D582003DA7BD /* APIRouter.swift */ = {isa = PBXFileReference; lastKnownFileType = sourcecode.swift; path = APIRouter.swift; sourceTree = "<group>"; };
		7251A6C32289E4E7003DA7BD /* Device.swift */ = {isa = PBXFileReference; lastKnownFileType = sourcecode.swift; path = Device.swift; sourceTree = "<group>"; };
		7251A6C52289E611003DA7BD /* DeviceMapper.swift */ = {isa = PBXFileReference; lastKnownFileType = sourcecode.swift; path = DeviceMapper.swift; sourceTree = "<group>"; };
		7251A6C72289EE19003DA7BD /* pt-BR */ = {isa = PBXFileReference; lastKnownFileType = text.plist.strings; name = "pt-BR"; path = "pt-BR.lproj/Main.strings"; sourceTree = "<group>"; };
		7251A6C82289EE1A003DA7BD /* pt-BR */ = {isa = PBXFileReference; lastKnownFileType = text.plist.strings; name = "pt-BR"; path = "pt-BR.lproj/LaunchScreen.strings"; sourceTree = "<group>"; };
		72A7FB0D228462B500B75681 /* wegicon.png */ = {isa = PBXFileReference; lastKnownFileType = image.png; name = wegicon.png; path = Assets.xcassets/wegicon.png; sourceTree = "<group>"; };
		72A7FB0F2284683800B75681 /* AppErrors.swift */ = {isa = PBXFileReference; lastKnownFileType = sourcecode.swift; path = AppErrors.swift; sourceTree = "<group>"; };
		72A7FB1122846A9000B75681 /* MSALAuthentication.swift */ = {isa = PBXFileReference; lastKnownFileType = sourcecode.swift; path = MSALAuthentication.swift; sourceTree = "<group>"; };
		72ABBCF422806EED0089047F /* iot-ios-sandbox.app */ = {isa = PBXFileReference; explicitFileType = wrapper.application; includeInIndex = 0; path = "iot-ios-sandbox.app"; sourceTree = BUILT_PRODUCTS_DIR; };
		72ABBCF722806EED0089047F /* AppDelegate.swift */ = {isa = PBXFileReference; lastKnownFileType = sourcecode.swift; path = AppDelegate.swift; sourceTree = "<group>"; };
		72ABBCFC22806EED0089047F /* Base */ = {isa = PBXFileReference; lastKnownFileType = file.storyboard; name = Base; path = Base.lproj/Main.storyboard; sourceTree = "<group>"; };
		72ABBCFE22806EEF0089047F /* Assets.xcassets */ = {isa = PBXFileReference; lastKnownFileType = folder.assetcatalog; path = Assets.xcassets; sourceTree = "<group>"; };
		72ABBD0122806EEF0089047F /* Base */ = {isa = PBXFileReference; lastKnownFileType = file.storyboard; name = Base; path = Base.lproj/LaunchScreen.storyboard; sourceTree = "<group>"; };
		72ABBD0322806EEF0089047F /* Info.plist */ = {isa = PBXFileReference; lastKnownFileType = text.plist.xml; path = Info.plist; sourceTree = "<group>"; };
		72ABBD0822806EEF0089047F /* iot-ios-sandboxTests.xctest */ = {isa = PBXFileReference; explicitFileType = wrapper.cfbundle; includeInIndex = 0; path = "iot-ios-sandboxTests.xctest"; sourceTree = BUILT_PRODUCTS_DIR; };
		72ABBD0E22806EEF0089047F /* Info.plist */ = {isa = PBXFileReference; lastKnownFileType = text.plist.xml; path = Info.plist; sourceTree = "<group>"; };
		72ABBD1322806EEF0089047F /* iot-ios-sandboxUITests.xctest */ = {isa = PBXFileReference; explicitFileType = wrapper.cfbundle; includeInIndex = 0; path = "iot-ios-sandboxUITests.xctest"; sourceTree = BUILT_PRODUCTS_DIR; };
		72ABBD1722806EEF0089047F /* IOSUITests.swift */ = {isa = PBXFileReference; lastKnownFileType = sourcecode.swift; path = IOSUITests.swift; sourceTree = "<group>"; };
		72ABBD1922806EEF0089047F /* Info.plist */ = {isa = PBXFileReference; lastKnownFileType = text.plist.xml; path = Info.plist; sourceTree = "<group>"; };
		72ABBD25228073290089047F /* iot-ios-sandbox.entitlements */ = {isa = PBXFileReference; lastKnownFileType = text.plist.entitlements; path = "iot-ios-sandbox.entitlements"; sourceTree = "<group>"; };
		72ABBD2B228074D50089047F /* AuthViewController.swift */ = {isa = PBXFileReference; lastKnownFileType = sourcecode.swift; path = AuthViewController.swift; sourceTree = "<group>"; };
		72ABBD2D228076E30089047F /* Constants.swift */ = {isa = PBXFileReference; lastKnownFileType = sourcecode.swift; path = Constants.swift; sourceTree = "<group>"; };
		72ABBD332280778F0089047F /* Plants.storyboard */ = {isa = PBXFileReference; lastKnownFileType = file.storyboard; path = Plants.storyboard; sourceTree = "<group>"; };
		72ABBD35228079D80089047F /* PlantsAPI.swift */ = {isa = PBXFileReference; lastKnownFileType = sourcecode.swift; path = PlantsAPI.swift; sourceTree = "<group>"; };
		72ABBD3922807AB00089047F /* PlantViewController.swift */ = {isa = PBXFileReference; lastKnownFileType = sourcecode.swift; path = PlantViewController.swift; sourceTree = "<group>"; };
		72ABBD3B22807B830089047F /* PlantViewCell.swift */ = {isa = PBXFileReference; lastKnownFileType = sourcecode.swift; path = PlantViewCell.swift; sourceTree = "<group>"; };
		72ABBD3D22807C1B0089047F /* Plant.swift */ = {isa = PBXFileReference; lastKnownFileType = sourcecode.swift; path = Plant.swift; sourceTree = "<group>"; };
		72ABBD4122807C650089047F /* PlantMapper.swift */ = {isa = PBXFileReference; lastKnownFileType = sourcecode.swift; path = PlantMapper.swift; sourceTree = "<group>"; };
		72B308422298171E00BBFC58 /* build.gradle */ = {isa = PBXFileReference; lastKnownFileType = text; path = build.gradle; sourceTree = "<group>"; };
		72B5BE38228AF560000DC199 /* PlantsAPITests.swift */ = {isa = PBXFileReference; lastKnownFileType = sourcecode.swift; path = PlantsAPITests.swift; sourceTree = "<group>"; };
		72B5BE48228B0164000DC199 /* MSALAuthenticationTests.swift */ = {isa = PBXFileReference; lastKnownFileType = sourcecode.swift; path = MSALAuthenticationTests.swift; sourceTree = "<group>"; };
		72B6343022930DB000E7B514 /* Jenkinsfile */ = {isa = PBXFileReference; lastKnownFileType = text; path = Jenkinsfile; sourceTree = "<group>"; };
		72B63432229334FA00E7B514 /* sonar-project.properties */ = {isa = PBXFileReference; lastKnownFileType = text; path = "sonar-project.properties"; sourceTree = "<group>"; };
		8C96EF3B40716C642C67BFE2 /* Pods-iot-ios-sandbox.debug.xcconfig */ = {isa = PBXFileReference; includeInIndex = 1; lastKnownFileType = text.xcconfig; name = "Pods-iot-ios-sandbox.debug.xcconfig"; path = "Target Support Files/Pods-iot-ios-sandbox/Pods-iot-ios-sandbox.debug.xcconfig"; sourceTree = "<group>"; };
		A88E1ECB7C7D4EA859B232F9 /* Pods_iot_ios_sandboxTests.framework */ = {isa = PBXFileReference; explicitFileType = wrapper.framework; includeInIndex = 0; path = Pods_iot_ios_sandboxTests.framework; sourceTree = BUILT_PRODUCTS_DIR; };
		A9FA0D3FF538155C9C063DB6 /* Pods-iot-ios-sandboxTests.debug.xcconfig */ = {isa = PBXFileReference; includeInIndex = 1; lastKnownFileType = text.xcconfig; name = "Pods-iot-ios-sandboxTests.debug.xcconfig"; path = "Target Support Files/Pods-iot-ios-sandboxTests/Pods-iot-ios-sandboxTests.debug.xcconfig"; sourceTree = "<group>"; };
		C41F9F704FB690F47757D7FA /* Pods-iot-ios-sandboxUITests.debug.xcconfig */ = {isa = PBXFileReference; includeInIndex = 1; lastKnownFileType = text.xcconfig; name = "Pods-iot-ios-sandboxUITests.debug.xcconfig"; path = "Target Support Files/Pods-iot-ios-sandboxUITests/Pods-iot-ios-sandboxUITests.debug.xcconfig"; sourceTree = "<group>"; };
		FBB65D3E692F00D3F02215E9 /* Pods_iot_ios_sandbox.framework */ = {isa = PBXFileReference; explicitFileType = wrapper.framework; includeInIndex = 0; path = Pods_iot_ios_sandbox.framework; sourceTree = BUILT_PRODUCTS_DIR; };
		FF2231CE8D171DA4F6DC4B76 /* Pods-iot-ios-sandbox.release.xcconfig */ = {isa = PBXFileReference; includeInIndex = 1; lastKnownFileType = text.xcconfig; name = "Pods-iot-ios-sandbox.release.xcconfig"; path = "Target Support Files/Pods-iot-ios-sandbox/Pods-iot-ios-sandbox.release.xcconfig"; sourceTree = "<group>"; };
/* End PBXFileReference section */

/* Begin PBXFrameworksBuildPhase section */
		72ABBCF122806EED0089047F /* Frameworks */ = {
			isa = PBXFrameworksBuildPhase;
			buildActionMask = 2147483647;
			files = (
				EDE64669B71FDB2867A7138C /* Pods_iot_ios_sandbox.framework in Frameworks */,
			);
			runOnlyForDeploymentPostprocessing = 0;
		};
		72ABBD0522806EEF0089047F /* Frameworks */ = {
			isa = PBXFrameworksBuildPhase;
			buildActionMask = 2147483647;
			files = (
				B5FA9E6B3432B809D3C5D899 /* Pods_iot_ios_sandboxTests.framework in Frameworks */,
			);
			runOnlyForDeploymentPostprocessing = 0;
		};
		72ABBD1022806EEF0089047F /* Frameworks */ = {
			isa = PBXFrameworksBuildPhase;
			buildActionMask = 2147483647;
			files = (
				B522EEC3F447BE85E1892BCD /* Pods_iot_ios_sandboxUITests.framework in Frameworks */,
			);
			runOnlyForDeploymentPostprocessing = 0;
		};
/* End PBXFrameworksBuildPhase section */

/* Begin PBXGroup section */
		72453ED52285FE6D00160771 /* customDesign */ = {
			isa = PBXGroup;
			children = (
				72453ED62285FEC800160771 /* WegButton.swift */,
			);
			path = customDesign;
			sourceTree = "<group>";
		};
		7251A6C12289E4AD003DA7BD /* plants */ = {
			isa = PBXGroup;
			children = (
				72ABBD4122807C650089047F /* PlantMapper.swift */,
				72ABBD3D22807C1B0089047F /* Plant.swift */,
			);
			path = plants;
			sourceTree = "<group>";
		};
		7251A6C22289E4C3003DA7BD /* devices */ = {
			isa = PBXGroup;
			children = (
				7251A6C32289E4E7003DA7BD /* Device.swift */,
				7251A6C52289E611003DA7BD /* DeviceMapper.swift */,
			);
			path = devices;
			sourceTree = "<group>";
		};
		72ABBCEB22806EED0089047F = {
			isa = PBXGroup;
			children = (
				72B308422298171E00BBFC58 /* build.gradle */,
				724A2EA822944A400024CE55 /* .swiftlint.yml */,
				72B63432229334FA00E7B514 /* sonar-project.properties */,
				72B6343022930DB000E7B514 /* Jenkinsfile */,
				720E39192292E767007192E8 /* README.md */,
				72ABBCF622806EED0089047F /* iot-ios-sandbox */,
				72ABBD0B22806EEF0089047F /* iot-ios-sandboxTests */,
				72ABBD1622806EEF0089047F /* iot-ios-sandboxUITests */,
				72ABBCF522806EED0089047F /* Products */,
				F94D8CA6A9B46283DA1FAF16 /* Pods */,
				A981940727E7019158AFD2C2 /* Frameworks */,
			);
			sourceTree = "<group>";
		};
		72ABBCF522806EED0089047F /* Products */ = {
			isa = PBXGroup;
			children = (
				72ABBCF422806EED0089047F /* iot-ios-sandbox.app */,
				72ABBD0822806EEF0089047F /* iot-ios-sandboxTests.xctest */,
				72ABBD1322806EEF0089047F /* iot-ios-sandboxUITests.xctest */,
			);
			name = Products;
			sourceTree = "<group>";
		};
		72ABBCF622806EED0089047F /* iot-ios-sandbox */ = {
			isa = PBXGroup;
			children = (
				72453ED52285FE6D00160771 /* customDesign */,
				72ABBD28228074220089047F /* helper */,
				72ABBD27228074150089047F /* auth */,
				72ABBD26228074040089047F /* plant */,
				72ABBD25228073290089047F /* iot-ios-sandbox.entitlements */,
				72ABBCF722806EED0089047F /* AppDelegate.swift */,
				72ABBCFE22806EEF0089047F /* Assets.xcassets */,
				72A7FB0D228462B500B75681 /* wegicon.png */,
				72ABBD0022806EEF0089047F /* LaunchScreen.storyboard */,
				72ABBD0322806EEF0089047F /* Info.plist */,
			);
			path = "iot-ios-sandbox";
			sourceTree = "<group>";
		};
		72ABBD0B22806EEF0089047F /* iot-ios-sandboxTests */ = {
			isa = PBXGroup;
			children = (
				72B5BE48228B0164000DC199 /* MSALAuthenticationTests.swift */,
				72B5BE38228AF560000DC199 /* PlantsAPITests.swift */,
				72ABBD0E22806EEF0089047F /* Info.plist */,
			);
			path = "iot-ios-sandboxTests";
			sourceTree = "<group>";
		};
		72ABBD1622806EEF0089047F /* iot-ios-sandboxUITests */ = {
			isa = PBXGroup;
			children = (
				72ABBD1722806EEF0089047F /* IOSUITests.swift */,
				72ABBD1922806EEF0089047F /* Info.plist */,
			);
			path = "iot-ios-sandboxUITests";
			sourceTree = "<group>";
		};
		72ABBD26228074040089047F /* plant */ = {
			isa = PBXGroup;
			children = (
				72ABBD322280775A0089047F /* storyboard */,
				72ABBD31228077500089047F /* model */,
				72ABBD30228077470089047F /* controllers */,
				72ABBD2F228077410089047F /* api */,
			);
			path = plant;
			sourceTree = "<group>";
		};
		72ABBD27228074150089047F /* auth */ = {
			isa = PBXGroup;
			children = (
				72ABBCFB22806EED0089047F /* Main.storyboard */,
				72ABBD2B228074D50089047F /* AuthViewController.swift */,
				72A7FB1122846A9000B75681 /* MSALAuthentication.swift */,
			);
			path = auth;
			sourceTree = "<group>";
		};
		72ABBD28228074220089047F /* helper */ = {
			isa = PBXGroup;
			children = (
				72ABBD2D228076E30089047F /* Constants.swift */,
				72A7FB0F2284683800B75681 /* AppErrors.swift */,
			);
			path = helper;
			sourceTree = "<group>";
		};
		72ABBD2F228077410089047F /* api */ = {
			isa = PBXGroup;
			children = (
				72ABBD35228079D80089047F /* PlantsAPI.swift */,
				7251A6BD2289D582003DA7BD /* APIRouter.swift */,
			);
			path = api;
			sourceTree = "<group>";
		};
		72ABBD30228077470089047F /* controllers */ = {
			isa = PBXGroup;
			children = (
				72ABBD3922807AB00089047F /* PlantViewController.swift */,
				72ABBD3B22807B830089047F /* PlantViewCell.swift */,
				72453ECF2285B59600160771 /* PlantDetailViewController.swift */,
			);
			path = controllers;
			sourceTree = "<group>";
		};
		72ABBD31228077500089047F /* model */ = {
			isa = PBXGroup;
			children = (
				7251A6C22289E4C3003DA7BD /* devices */,
				7251A6C12289E4AD003DA7BD /* plants */,
			);
			path = model;
			sourceTree = "<group>";
		};
		72ABBD322280775A0089047F /* storyboard */ = {
			isa = PBXGroup;
			children = (
				72ABBD332280778F0089047F /* Plants.storyboard */,
			);
			path = storyboard;
			sourceTree = "<group>";
		};
		A981940727E7019158AFD2C2 /* Frameworks */ = {
			isa = PBXGroup;
			children = (
				FBB65D3E692F00D3F02215E9 /* Pods_iot_ios_sandbox.framework */,
				A88E1ECB7C7D4EA859B232F9 /* Pods_iot_ios_sandboxTests.framework */,
				61F6C2AE162939AE94A240AA /* Pods_iot_ios_sandboxUITests.framework */,
			);
			name = Frameworks;
			sourceTree = "<group>";
		};
		F94D8CA6A9B46283DA1FAF16 /* Pods */ = {
			isa = PBXGroup;
			children = (
				8C96EF3B40716C642C67BFE2 /* Pods-iot-ios-sandbox.debug.xcconfig */,
				FF2231CE8D171DA4F6DC4B76 /* Pods-iot-ios-sandbox.release.xcconfig */,
				A9FA0D3FF538155C9C063DB6 /* Pods-iot-ios-sandboxTests.debug.xcconfig */,
				1337D121AB698C653D17958A /* Pods-iot-ios-sandboxTests.release.xcconfig */,
				C41F9F704FB690F47757D7FA /* Pods-iot-ios-sandboxUITests.debug.xcconfig */,
				547BC084B00F76B7237815E5 /* Pods-iot-ios-sandboxUITests.release.xcconfig */,
			);
			path = Pods;
			sourceTree = "<group>";
		};
/* End PBXGroup section */

/* Begin PBXNativeTarget section */
		72ABBCF322806EED0089047F /* iot-ios-sandbox */ = {
			isa = PBXNativeTarget;
			buildConfigurationList = 72ABBD1C22806EEF0089047F /* Build configuration list for PBXNativeTarget "iot-ios-sandbox" */;
			buildPhases = (
				7DB848ADC2DD4BC6747C9FBD /* [CP] Check Pods Manifest.lock */,
				72ABBCF022806EED0089047F /* Sources */,
				72ABBCF122806EED0089047F /* Frameworks */,
				72ABBCF222806EED0089047F /* Resources */,
				53B061AD5BC63A1F5ACAFFE7 /* [CP] Embed Pods Frameworks */,
				724A2EA5229440950024CE55 /* ShellScript */,
			);
			buildRules = (
			);
			dependencies = (
			);
			name = "iot-ios-sandbox";
			productName = "iot-ios-sandbox";
			productReference = 72ABBCF422806EED0089047F /* iot-ios-sandbox.app */;
			productType = "com.apple.product-type.application";
		};
		72ABBD0722806EEF0089047F /* iot-ios-sandboxTests */ = {
			isa = PBXNativeTarget;
			buildConfigurationList = 72ABBD1F22806EEF0089047F /* Build configuration list for PBXNativeTarget "iot-ios-sandboxTests" */;
			buildPhases = (
				E2A2954271D25A798BCF978E /* [CP] Check Pods Manifest.lock */,
				72ABBD0422806EEF0089047F /* Sources */,
				72ABBD0522806EEF0089047F /* Frameworks */,
				72ABBD0622806EEF0089047F /* Resources */,
			);
			buildRules = (
			);
			dependencies = (
				72ABBD0A22806EEF0089047F /* PBXTargetDependency */,
			);
			name = "iot-ios-sandboxTests";
			productName = "iot-ios-sandboxTests";
			productReference = 72ABBD0822806EEF0089047F /* iot-ios-sandboxTests.xctest */;
			productType = "com.apple.product-type.bundle.unit-test";
		};
		72ABBD1222806EEF0089047F /* iot-ios-sandboxUITests */ = {
			isa = PBXNativeTarget;
			buildConfigurationList = 72ABBD2222806EEF0089047F /* Build configuration list for PBXNativeTarget "iot-ios-sandboxUITests" */;
			buildPhases = (
				C3B5790A5F2B46CB39C0AC06 /* [CP] Check Pods Manifest.lock */,
				72ABBD0F22806EEF0089047F /* Sources */,
				72ABBD1022806EEF0089047F /* Frameworks */,
				72ABBD1122806EEF0089047F /* Resources */,
				4899C5BCD84FEF8FA158EBA5 /* [CP] Embed Pods Frameworks */,
			);
			buildRules = (
			);
			dependencies = (
				72ABBD1522806EEF0089047F /* PBXTargetDependency */,
			);
			name = "iot-ios-sandboxUITests";
			productName = "iot-ios-sandboxUITests";
			productReference = 72ABBD1322806EEF0089047F /* iot-ios-sandboxUITests.xctest */;
			productType = "com.apple.product-type.bundle.ui-testing";
		};
/* End PBXNativeTarget section */

/* Begin PBXProject section */
		72ABBCEC22806EED0089047F /* Project object */ = {
			isa = PBXProject;
			attributes = {
				LastSwiftUpdateCheck = 1020;
				LastUpgradeCheck = 1020;
				ORGANIZATIONNAME = WEG;
				TargetAttributes = {
					72ABBCF322806EED0089047F = {
						CreatedOnToolsVersion = 10.2.1;
						SystemCapabilities = {
							com.apple.Keychain = {
								enabled = 1;
							};
						};
					};
					72ABBD0722806EEF0089047F = {
						CreatedOnToolsVersion = 10.2.1;
						TestTargetID = 72ABBCF322806EED0089047F;
					};
					72ABBD1222806EEF0089047F = {
						CreatedOnToolsVersion = 10.2.1;
						TestTargetID = 72ABBCF322806EED0089047F;
					};
				};
			};
			buildConfigurationList = 72ABBCEF22806EED0089047F /* Build configuration list for PBXProject "iot-ios-sandbox" */;
			compatibilityVersion = "Xcode 9.3";
			developmentRegion = en;
			hasScannedForEncodings = 0;
			knownRegions = (
				en,
				Base,
				"pt-BR",
			);
			mainGroup = 72ABBCEB22806EED0089047F;
			productRefGroup = 72ABBCF522806EED0089047F /* Products */;
			projectDirPath = "";
			projectRoot = "";
			targets = (
				72ABBCF322806EED0089047F /* iot-ios-sandbox */,
				72ABBD0722806EEF0089047F /* iot-ios-sandboxTests */,
				72ABBD1222806EEF0089047F /* iot-ios-sandboxUITests */,
			);
		};
/* End PBXProject section */

/* Begin PBXResourcesBuildPhase section */
		72ABBCF222806EED0089047F /* Resources */ = {
			isa = PBXResourcesBuildPhase;
			buildActionMask = 2147483647;
			files = (
				724A2EA922944A400024CE55 /* .swiftlint.yml in Resources */,
				72A7FB0E228462B500B75681 /* wegicon.png in Resources */,
				72B63433229334FA00E7B514 /* sonar-project.properties in Resources */,
				72ABBD0222806EEF0089047F /* LaunchScreen.storyboard in Resources */,
				72B308432298171E00BBFC58 /* build.gradle in Resources */,
				72ABBCFF22806EEF0089047F /* Assets.xcassets in Resources */,
				72ABBD342280778F0089047F /* Plants.storyboard in Resources */,
				72ABBCFD22806EED0089047F /* Main.storyboard in Resources */,
				72B6343122930DB000E7B514 /* Jenkinsfile in Resources */,
			);
			runOnlyForDeploymentPostprocessing = 0;
		};
		72ABBD0622806EEF0089047F /* Resources */ = {
			isa = PBXResourcesBuildPhase;
			buildActionMask = 2147483647;
			files = (
			);
			runOnlyForDeploymentPostprocessing = 0;
		};
		72ABBD1122806EEF0089047F /* Resources */ = {
			isa = PBXResourcesBuildPhase;
			buildActionMask = 2147483647;
			files = (
			);
			runOnlyForDeploymentPostprocessing = 0;
		};
/* End PBXResourcesBuildPhase section */

/* Begin PBXShellScriptBuildPhase section */
		4899C5BCD84FEF8FA158EBA5 /* [CP] Embed Pods Frameworks */ = {
			isa = PBXShellScriptBuildPhase;
			buildActionMask = 2147483647;
			files = (
			);
			inputFileListPaths = (
			);
			inputPaths = (
				"${PODS_ROOT}/Target Support Files/Pods-iot-ios-sandboxUITests/Pods-iot-ios-sandboxUITests-frameworks.sh",
				"${BUILT_PRODUCTS_DIR}/Alamofire/Alamofire.framework",
				"${BUILT_PRODUCTS_DIR}/MSAL/MSAL.framework",
			);
			name = "[CP] Embed Pods Frameworks";
			outputFileListPaths = (
			);
			outputPaths = (
				"${TARGET_BUILD_DIR}/${FRAMEWORKS_FOLDER_PATH}/Alamofire.framework",
				"${TARGET_BUILD_DIR}/${FRAMEWORKS_FOLDER_PATH}/MSAL.framework",
			);
			runOnlyForDeploymentPostprocessing = 0;
			shellPath = /bin/sh;
			shellScript = "\"${PODS_ROOT}/Target Support Files/Pods-iot-ios-sandboxUITests/Pods-iot-ios-sandboxUITests-frameworks.sh\"\n";
			showEnvVarsInLog = 0;
		};
		53B061AD5BC63A1F5ACAFFE7 /* [CP] Embed Pods Frameworks */ = {
			isa = PBXShellScriptBuildPhase;
			buildActionMask = 2147483647;
			files = (
			);
			inputFileListPaths = (
			);
			inputPaths = (
				"${PODS_ROOT}/Target Support Files/Pods-iot-ios-sandbox/Pods-iot-ios-sandbox-frameworks.sh",
				"${BUILT_PRODUCTS_DIR}/Alamofire/Alamofire.framework",
				"${BUILT_PRODUCTS_DIR}/MSAL/MSAL.framework",
			);
			name = "[CP] Embed Pods Frameworks";
			outputFileListPaths = (
			);
			outputPaths = (
				"${TARGET_BUILD_DIR}/${FRAMEWORKS_FOLDER_PATH}/Alamofire.framework",
				"${TARGET_BUILD_DIR}/${FRAMEWORKS_FOLDER_PATH}/MSAL.framework",
			);
			runOnlyForDeploymentPostprocessing = 0;
			shellPath = /bin/sh;
			shellScript = "\"${PODS_ROOT}/Target Support Files/Pods-iot-ios-sandbox/Pods-iot-ios-sandbox-frameworks.sh\"\n";
			showEnvVarsInLog = 0;
		};
		724A2EA5229440950024CE55 /* ShellScript */ = {
			isa = PBXShellScriptBuildPhase;
			buildActionMask = 2147483647;
			files = (
			);
			inputFileListPaths = (
			);
			inputPaths = (
			);
			outputFileListPaths = (
			);
			outputPaths = (
			);
			runOnlyForDeploymentPostprocessing = 0;
			shellPath = /bin/sh;
			shellScript = "${PODS_ROOT}/SwiftLint/swiftlint\n";
		};
		7DB848ADC2DD4BC6747C9FBD /* [CP] Check Pods Manifest.lock */ = {
			isa = PBXShellScriptBuildPhase;
			buildActionMask = 2147483647;
			files = (
			);
			inputFileListPaths = (
			);
			inputPaths = (
				"${PODS_PODFILE_DIR_PATH}/Podfile.lock",
				"${PODS_ROOT}/Manifest.lock",
			);
			name = "[CP] Check Pods Manifest.lock";
			outputFileListPaths = (
			);
			outputPaths = (
				"$(DERIVED_FILE_DIR)/Pods-iot-ios-sandbox-checkManifestLockResult.txt",
			);
			runOnlyForDeploymentPostprocessing = 0;
			shellPath = /bin/sh;
			shellScript = "diff \"${PODS_PODFILE_DIR_PATH}/Podfile.lock\" \"${PODS_ROOT}/Manifest.lock\" > /dev/null\nif [ $? != 0 ] ; then\n    # print error to STDERR\n    echo \"error: The sandbox is not in sync with the Podfile.lock. Run 'pod install' or update your CocoaPods installation.\" >&2\n    exit 1\nfi\n# This output is used by Xcode 'outputs' to avoid re-running this script phase.\necho \"SUCCESS\" > \"${SCRIPT_OUTPUT_FILE_0}\"\n";
			showEnvVarsInLog = 0;
		};
		C3B5790A5F2B46CB39C0AC06 /* [CP] Check Pods Manifest.lock */ = {
			isa = PBXShellScriptBuildPhase;
			buildActionMask = 2147483647;
			files = (
			);
			inputFileListPaths = (
			);
			inputPaths = (
				"${PODS_PODFILE_DIR_PATH}/Podfile.lock",
				"${PODS_ROOT}/Manifest.lock",
			);
			name = "[CP] Check Pods Manifest.lock";
			outputFileListPaths = (
			);
			outputPaths = (
				"$(DERIVED_FILE_DIR)/Pods-iot-ios-sandboxUITests-checkManifestLockResult.txt",
			);
			runOnlyForDeploymentPostprocessing = 0;
			shellPath = /bin/sh;
			shellScript = "diff \"${PODS_PODFILE_DIR_PATH}/Podfile.lock\" \"${PODS_ROOT}/Manifest.lock\" > /dev/null\nif [ $? != 0 ] ; then\n    # print error to STDERR\n    echo \"error: The sandbox is not in sync with the Podfile.lock. Run 'pod install' or update your CocoaPods installation.\" >&2\n    exit 1\nfi\n# This output is used by Xcode 'outputs' to avoid re-running this script phase.\necho \"SUCCESS\" > \"${SCRIPT_OUTPUT_FILE_0}\"\n";
			showEnvVarsInLog = 0;
		};
		E2A2954271D25A798BCF978E /* [CP] Check Pods Manifest.lock */ = {
			isa = PBXShellScriptBuildPhase;
			buildActionMask = 2147483647;
			files = (
			);
			inputFileListPaths = (
			);
			inputPaths = (
				"${PODS_PODFILE_DIR_PATH}/Podfile.lock",
				"${PODS_ROOT}/Manifest.lock",
			);
			name = "[CP] Check Pods Manifest.lock";
			outputFileListPaths = (
			);
			outputPaths = (
				"$(DERIVED_FILE_DIR)/Pods-iot-ios-sandboxTests-checkManifestLockResult.txt",
			);
			runOnlyForDeploymentPostprocessing = 0;
			shellPath = /bin/sh;
			shellScript = "diff \"${PODS_PODFILE_DIR_PATH}/Podfile.lock\" \"${PODS_ROOT}/Manifest.lock\" > /dev/null\nif [ $? != 0 ] ; then\n    # print error to STDERR\n    echo \"error: The sandbox is not in sync with the Podfile.lock. Run 'pod install' or update your CocoaPods installation.\" >&2\n    exit 1\nfi\n# This output is used by Xcode 'outputs' to avoid re-running this script phase.\necho \"SUCCESS\" > \"${SCRIPT_OUTPUT_FILE_0}\"\n";
			showEnvVarsInLog = 0;
		};
/* End PBXShellScriptBuildPhase section */

/* Begin PBXSourcesBuildPhase section */
		72ABBCF022806EED0089047F /* Sources */ = {
			isa = PBXSourcesBuildPhase;
			buildActionMask = 2147483647;
			files = (
				72A7FB1222846A9000B75681 /* MSALAuthentication.swift in Sources */,
				7251A6C62289E611003DA7BD /* DeviceMapper.swift in Sources */,
				72ABBD2C228074D50089047F /* AuthViewController.swift in Sources */,
				72ABBD3C22807B830089047F /* PlantViewCell.swift in Sources */,
				72A7FB102284683800B75681 /* AppErrors.swift in Sources */,
				72ABBCF822806EED0089047F /* AppDelegate.swift in Sources */,
				72ABBD3A22807AB00089047F /* PlantViewController.swift in Sources */,
				72ABBD4222807C650089047F /* PlantMapper.swift in Sources */,
				7251A6BE2289D582003DA7BD /* APIRouter.swift in Sources */,
				7251A6C42289E4E7003DA7BD /* Device.swift in Sources */,
				72ABBD3E22807C1B0089047F /* Plant.swift in Sources */,
				72ABBD36228079D80089047F /* PlantsAPI.swift in Sources */,
				72ABBD2E228076E30089047F /* Constants.swift in Sources */,
				72453ED72285FEC800160771 /* WegButton.swift in Sources */,
				72453ED02285B59600160771 /* PlantDetailViewController.swift in Sources */,
			);
			runOnlyForDeploymentPostprocessing = 0;
		};
		72ABBD0422806EEF0089047F /* Sources */ = {
			isa = PBXSourcesBuildPhase;
			buildActionMask = 2147483647;
			files = (
				72B5BE39228AF560000DC199 /* PlantsAPITests.swift in Sources */,
				72B5BE49228B0164000DC199 /* MSALAuthenticationTests.swift in Sources */,
			);
			runOnlyForDeploymentPostprocessing = 0;
		};
		72ABBD0F22806EEF0089047F /* Sources */ = {
			isa = PBXSourcesBuildPhase;
			buildActionMask = 2147483647;
			files = (
				72ABBD1822806EEF0089047F /* IOSUITests.swift in Sources */,
			);
			runOnlyForDeploymentPostprocessing = 0;
		};
/* End PBXSourcesBuildPhase section */

/* Begin PBXTargetDependency section */
		72ABBD0A22806EEF0089047F /* PBXTargetDependency */ = {
			isa = PBXTargetDependency;
			target = 72ABBCF322806EED0089047F /* iot-ios-sandbox */;
			targetProxy = 72ABBD0922806EEF0089047F /* PBXContainerItemProxy */;
		};
		72ABBD1522806EEF0089047F /* PBXTargetDependency */ = {
			isa = PBXTargetDependency;
			target = 72ABBCF322806EED0089047F /* iot-ios-sandbox */;
			targetProxy = 72ABBD1422806EEF0089047F /* PBXContainerItemProxy */;
		};
/* End PBXTargetDependency section */

/* Begin PBXVariantGroup section */
		72ABBCFB22806EED0089047F /* Main.storyboard */ = {
			isa = PBXVariantGroup;
			children = (
				72ABBCFC22806EED0089047F /* Base */,
				7251A6C72289EE19003DA7BD /* pt-BR */,
			);
			name = Main.storyboard;
			sourceTree = "<group>";
		};
		72ABBD0022806EEF0089047F /* LaunchScreen.storyboard */ = {
			isa = PBXVariantGroup;
			children = (
				72ABBD0122806EEF0089047F /* Base */,
				7251A6C82289EE1A003DA7BD /* pt-BR */,
			);
			name = LaunchScreen.storyboard;
			sourceTree = "<group>";
		};
/* End PBXVariantGroup section */

/* Begin XCBuildConfiguration section */
		72ABBD1A22806EEF0089047F /* Debug */ = {
			isa = XCBuildConfiguration;
			buildSettings = {
				ALWAYS_SEARCH_USER_PATHS = NO;
				CLANG_ANALYZER_LOCALIZABILITY_NONLOCALIZED = YES;
				CLANG_ANALYZER_NONNULL = YES;
				CLANG_ANALYZER_NUMBER_OBJECT_CONVERSION = YES_AGGRESSIVE;
				CLANG_CXX_LANGUAGE_STANDARD = "gnu++14";
				CLANG_CXX_LIBRARY = "libc++";
				CLANG_ENABLE_MODULES = YES;
				CLANG_ENABLE_OBJC_ARC = YES;
				CLANG_ENABLE_OBJC_WEAK = YES;
				CLANG_WARN_BLOCK_CAPTURE_AUTORELEASING = YES;
				CLANG_WARN_BOOL_CONVERSION = YES;
				CLANG_WARN_COMMA = YES;
				CLANG_WARN_CONSTANT_CONVERSION = YES;
				CLANG_WARN_DEPRECATED_OBJC_IMPLEMENTATIONS = YES;
				CLANG_WARN_DIRECT_OBJC_ISA_USAGE = YES_ERROR;
				CLANG_WARN_DOCUMENTATION_COMMENTS = YES;
				CLANG_WARN_EMPTY_BODY = YES;
				CLANG_WARN_ENUM_CONVERSION = YES;
				CLANG_WARN_INFINITE_RECURSION = YES;
				CLANG_WARN_INT_CONVERSION = YES;
				CLANG_WARN_NON_LITERAL_NULL_CONVERSION = YES;
				CLANG_WARN_OBJC_IMPLICIT_RETAIN_SELF = YES;
				CLANG_WARN_OBJC_LITERAL_CONVERSION = YES;
				CLANG_WARN_OBJC_ROOT_CLASS = YES_ERROR;
				CLANG_WARN_RANGE_LOOP_ANALYSIS = YES;
				CLANG_WARN_STRICT_PROTOTYPES = YES;
				CLANG_WARN_SUSPICIOUS_MOVE = YES;
				CLANG_WARN_UNGUARDED_AVAILABILITY = YES_AGGRESSIVE;
				CLANG_WARN_UNREACHABLE_CODE = YES;
				CLANG_WARN__DUPLICATE_METHOD_MATCH = YES;
				CODE_SIGN_IDENTITY = "iPhone Developer";
				COPY_PHASE_STRIP = NO;
				DEBUG_INFORMATION_FORMAT = dwarf;
				ENABLE_STRICT_OBJC_MSGSEND = YES;
				ENABLE_TESTABILITY = YES;
				GCC_C_LANGUAGE_STANDARD = gnu11;
				GCC_DYNAMIC_NO_PIC = NO;
				GCC_NO_COMMON_BLOCKS = YES;
				GCC_OPTIMIZATION_LEVEL = 0;
				GCC_PREPROCESSOR_DEFINITIONS = (
					"DEBUG=1",
					"$(inherited)",
				);
				GCC_WARN_64_TO_32_BIT_CONVERSION = YES;
				GCC_WARN_ABOUT_RETURN_TYPE = YES_ERROR;
				GCC_WARN_UNDECLARED_SELECTOR = YES;
				GCC_WARN_UNINITIALIZED_AUTOS = YES_AGGRESSIVE;
				GCC_WARN_UNUSED_FUNCTION = YES;
				GCC_WARN_UNUSED_VARIABLE = YES;
				IPHONEOS_DEPLOYMENT_TARGET = 12.2;
				MTL_ENABLE_DEBUG_INFO = INCLUDE_SOURCE;
				MTL_FAST_MATH = YES;
				ONLY_ACTIVE_ARCH = YES;
				SDKROOT = iphoneos;
				SWIFT_ACTIVE_COMPILATION_CONDITIONS = DEBUG;
				SWIFT_OPTIMIZATION_LEVEL = "-Onone";
			};
			name = Debug;
		};
		72ABBD1B22806EEF0089047F /* Release */ = {
			isa = XCBuildConfiguration;
			buildSettings = {
				ALWAYS_SEARCH_USER_PATHS = NO;
				CLANG_ANALYZER_LOCALIZABILITY_NONLOCALIZED = YES;
				CLANG_ANALYZER_NONNULL = YES;
				CLANG_ANALYZER_NUMBER_OBJECT_CONVERSION = YES_AGGRESSIVE;
				CLANG_CXX_LANGUAGE_STANDARD = "gnu++14";
				CLANG_CXX_LIBRARY = "libc++";
				CLANG_ENABLE_MODULES = YES;
				CLANG_ENABLE_OBJC_ARC = YES;
				CLANG_ENABLE_OBJC_WEAK = YES;
				CLANG_WARN_BLOCK_CAPTURE_AUTORELEASING = YES;
				CLANG_WARN_BOOL_CONVERSION = YES;
				CLANG_WARN_COMMA = YES;
				CLANG_WARN_CONSTANT_CONVERSION = YES;
				CLANG_WARN_DEPRECATED_OBJC_IMPLEMENTATIONS = YES;
				CLANG_WARN_DIRECT_OBJC_ISA_USAGE = YES_ERROR;
				CLANG_WARN_DOCUMENTATION_COMMENTS = YES;
				CLANG_WARN_EMPTY_BODY = YES;
				CLANG_WARN_ENUM_CONVERSION = YES;
				CLANG_WARN_INFINITE_RECURSION = YES;
				CLANG_WARN_INT_CONVERSION = YES;
				CLANG_WARN_NON_LITERAL_NULL_CONVERSION = YES;
				CLANG_WARN_OBJC_IMPLICIT_RETAIN_SELF = YES;
				CLANG_WARN_OBJC_LITERAL_CONVERSION = YES;
				CLANG_WARN_OBJC_ROOT_CLASS = YES_ERROR;
				CLANG_WARN_RANGE_LOOP_ANALYSIS = YES;
				CLANG_WARN_STRICT_PROTOTYPES = YES;
				CLANG_WARN_SUSPICIOUS_MOVE = YES;
				CLANG_WARN_UNGUARDED_AVAILABILITY = YES_AGGRESSIVE;
				CLANG_WARN_UNREACHABLE_CODE = YES;
				CLANG_WARN__DUPLICATE_METHOD_MATCH = YES;
				CODE_SIGN_IDENTITY = "iPhone Developer";
				COPY_PHASE_STRIP = NO;
				DEBUG_INFORMATION_FORMAT = "dwarf-with-dsym";
				ENABLE_NS_ASSERTIONS = NO;
				ENABLE_STRICT_OBJC_MSGSEND = YES;
				GCC_C_LANGUAGE_STANDARD = gnu11;
				GCC_NO_COMMON_BLOCKS = YES;
				GCC_WARN_64_TO_32_BIT_CONVERSION = YES;
				GCC_WARN_ABOUT_RETURN_TYPE = YES_ERROR;
				GCC_WARN_UNDECLARED_SELECTOR = YES;
				GCC_WARN_UNINITIALIZED_AUTOS = YES_AGGRESSIVE;
				GCC_WARN_UNUSED_FUNCTION = YES;
				GCC_WARN_UNUSED_VARIABLE = YES;
				IPHONEOS_DEPLOYMENT_TARGET = 12.2;
				MTL_ENABLE_DEBUG_INFO = NO;
				MTL_FAST_MATH = YES;
				SDKROOT = iphoneos;
				SWIFT_COMPILATION_MODE = wholemodule;
				SWIFT_OPTIMIZATION_LEVEL = "-O";
				VALIDATE_PRODUCT = YES;
			};
			name = Release;
		};
		72ABBD1D22806EEF0089047F /* Debug */ = {
			isa = XCBuildConfiguration;
			baseConfigurationReference = 8C96EF3B40716C642C67BFE2 /* Pods-iot-ios-sandbox.debug.xcconfig */;
			buildSettings = {
				ASSETCATALOG_COMPILER_APPICON_NAME = AppIcon;
				CODE_SIGN_ENTITLEMENTS = "iot-ios-sandbox/iot-ios-sandbox.entitlements";
				CODE_SIGN_STYLE = Automatic;
				DEVELOPMENT_TEAM = PD5X9XADX4;
				INFOPLIST_FILE = "iot-ios-sandbox/Info.plist";
				LD_RUNPATH_SEARCH_PATHS = (
					"$(inherited)",
					"@executable_path/Frameworks",
				);
				PRODUCT_BUNDLE_IDENTIFIER = "net.weg.iot-ios-sandbox";
				PRODUCT_NAME = "$(TARGET_NAME)";
				SWIFT_VERSION = 5.0;
				TARGETED_DEVICE_FAMILY = "1,2";
			};
			name = Debug;
		};
		72ABBD1E22806EEF0089047F /* Release */ = {
			isa = XCBuildConfiguration;
			baseConfigurationReference = FF2231CE8D171DA4F6DC4B76 /* Pods-iot-ios-sandbox.release.xcconfig */;
			buildSettings = {
				ASSETCATALOG_COMPILER_APPICON_NAME = AppIcon;
				CODE_SIGN_ENTITLEMENTS = "iot-ios-sandbox/iot-ios-sandbox.entitlements";
				CODE_SIGN_STYLE = Automatic;
				DEVELOPMENT_TEAM = PD5X9XADX4;
				INFOPLIST_FILE = "iot-ios-sandbox/Info.plist";
				LD_RUNPATH_SEARCH_PATHS = (
					"$(inherited)",
					"@executable_path/Frameworks",
				);
				PRODUCT_BUNDLE_IDENTIFIER = "net.weg.iot-ios-sandbox";
				PRODUCT_NAME = "$(TARGET_NAME)";
				SWIFT_VERSION = 5.0;
				TARGETED_DEVICE_FAMILY = "1,2";
			};
			name = Release;
		};
		72ABBD2022806EEF0089047F /* Debug */ = {
			isa = XCBuildConfiguration;
			baseConfigurationReference = A9FA0D3FF538155C9C063DB6 /* Pods-iot-ios-sandboxTests.debug.xcconfig */;
			buildSettings = {
				ALWAYS_EMBED_SWIFT_STANDARD_LIBRARIES = YES;
				BUNDLE_LOADER = "$(TEST_HOST)";
				CODE_SIGN_STYLE = Automatic;
				DEVELOPMENT_TEAM = PD5X9XADX4;
				INFOPLIST_FILE = "iot-ios-sandboxTests/Info.plist";
				LD_RUNPATH_SEARCH_PATHS = (
					"$(inherited)",
					"@executable_path/Frameworks",
					"@loader_path/Frameworks",
				);
				PRODUCT_BUNDLE_IDENTIFIER = "net.weg.iot-ios-sandboxTests";
				PRODUCT_NAME = "$(TARGET_NAME)";
				SWIFT_VERSION = 5.0;
				TARGETED_DEVICE_FAMILY = "1,2";
				TEST_HOST = "$(BUILT_PRODUCTS_DIR)/iot-ios-sandbox.app/iot-ios-sandbox";
			};
			name = Debug;
		};
		72ABBD2122806EEF0089047F /* Release */ = {
			isa = XCBuildConfiguration;
			baseConfigurationReference = 1337D121AB698C653D17958A /* Pods-iot-ios-sandboxTests.release.xcconfig */;
			buildSettings = {
				ALWAYS_EMBED_SWIFT_STANDARD_LIBRARIES = YES;
				BUNDLE_LOADER = "$(TEST_HOST)";
				CODE_SIGN_STYLE = Automatic;
				DEVELOPMENT_TEAM = PD5X9XADX4;
				INFOPLIST_FILE = "iot-ios-sandboxTests/Info.plist";
				LD_RUNPATH_SEARCH_PATHS = (
					"$(inherited)",
					"@executable_path/Frameworks",
					"@loader_path/Frameworks",
				);
				PRODUCT_BUNDLE_IDENTIFIER = "net.weg.iot-ios-sandboxTests";
				PRODUCT_NAME = "$(TARGET_NAME)";
				SWIFT_VERSION = 5.0;
				TARGETED_DEVICE_FAMILY = "1,2";
				TEST_HOST = "$(BUILT_PRODUCTS_DIR)/iot-ios-sandbox.app/iot-ios-sandbox";
			};
			name = Release;
		};
		72ABBD2322806EEF0089047F /* Debug */ = {
			isa = XCBuildConfiguration;
			baseConfigurationReference = C41F9F704FB690F47757D7FA /* Pods-iot-ios-sandboxUITests.debug.xcconfig */;
			buildSettings = {
				ALWAYS_EMBED_SWIFT_STANDARD_LIBRARIES = YES;
				CODE_SIGN_STYLE = Automatic;
				DEVELOPMENT_TEAM = PD5X9XADX4;
				INFOPLIST_FILE = "iot-ios-sandboxUITests/Info.plist";
				LD_RUNPATH_SEARCH_PATHS = (
					"$(inherited)",
					"@executable_path/Frameworks",
					"@loader_path/Frameworks",
				);
				PRODUCT_BUNDLE_IDENTIFIER = "net.weg.iot-ios-sandboxUITests";
				PRODUCT_NAME = "$(TARGET_NAME)";
				SWIFT_VERSION = 5.0;
				TARGETED_DEVICE_FAMILY = "1,2";
				TEST_TARGET_NAME = "iot-ios-sandbox";
			};
			name = Debug;
		};
		72ABBD2422806EEF0089047F /* Release */ = {
			isa = XCBuildConfiguration;
			baseConfigurationReference = 547BC084B00F76B7237815E5 /* Pods-iot-ios-sandboxUITests.release.xcconfig */;
			buildSettings = {
				ALWAYS_EMBED_SWIFT_STANDARD_LIBRARIES = YES;
				CODE_SIGN_STYLE = Automatic;
				DEVELOPMENT_TEAM = PD5X9XADX4;
				INFOPLIST_FILE = "iot-ios-sandboxUITests/Info.plist";
				LD_RUNPATH_SEARCH_PATHS = (
					"$(inherited)",
					"@executable_path/Frameworks",
					"@loader_path/Frameworks",
				);
				PRODUCT_BUNDLE_IDENTIFIER = "net.weg.iot-ios-sandboxUITests";
				PRODUCT_NAME = "$(TARGET_NAME)";
				SWIFT_VERSION = 5.0;
				TARGETED_DEVICE_FAMILY = "1,2";
				TEST_TARGET_NAME = "iot-ios-sandbox";
			};
			name = Release;
		};
/* End XCBuildConfiguration section */

/* Begin XCConfigurationList section */
		72ABBCEF22806EED0089047F /* Build configuration list for PBXProject "iot-ios-sandbox" */ = {
			isa = XCConfigurationList;
			buildConfigurations = (
				72ABBD1A22806EEF0089047F /* Debug */,
				72ABBD1B22806EEF0089047F /* Release */,
			);
			defaultConfigurationIsVisible = 0;
			defaultConfigurationName = Release;
		};
		72ABBD1C22806EEF0089047F /* Build configuration list for PBXNativeTarget "iot-ios-sandbox" */ = {
			isa = XCConfigurationList;
			buildConfigurations = (
				72ABBD1D22806EEF0089047F /* Debug */,
				72ABBD1E22806EEF0089047F /* Release */,
			);
			defaultConfigurationIsVisible = 0;
			defaultConfigurationName = Release;
		};
		72ABBD1F22806EEF0089047F /* Build configuration list for PBXNativeTarget "iot-ios-sandboxTests" */ = {
			isa = XCConfigurationList;
			buildConfigurations = (
				72ABBD2022806EEF0089047F /* Debug */,
				72ABBD2122806EEF0089047F /* Release */,
			);
			defaultConfigurationIsVisible = 0;
			defaultConfigurationName = Release;
		};
		72ABBD2222806EEF0089047F /* Build configuration list for PBXNativeTarget "iot-ios-sandboxUITests" */ = {
			isa = XCConfigurationList;
			buildConfigurations = (
				72ABBD2322806EEF0089047F /* Debug */,
				72ABBD2422806EEF0089047F /* Release */,
			);
			defaultConfigurationIsVisible = 0;
			defaultConfigurationName = Release;
		};
/* End XCConfigurationList section */
	};
	rootObject = 72ABBCEC22806EED0089047F /* Project object */;
}
